
Microsoft Visual Studio Solution File, Format Version 12.00
# Visual Studio Version 17
VisualStudioVersion = 17.4.33110.190
MinimumVisualStudioVersion = 10.0.40219.1
Project("{FAE04EC0-301F-11D3-BF4B-00C04F79EFBC}") = "TempleOfDoom", "..\TempleOfDoom\TempleOfDoom.csproj", "{1F6A0F03-6771-463D-8AE7-9D0964B7E26B}"
EndProject
Project("{FAE04EC0-301F-11D3-BF4B-00C04F79EFBC}") = "MouseInTheKitchen", "..\MouseInTheKitchen\MouseInTheKitchen.csproj", "{55D33B02-5A50-4A0C-9B03-5DDBB35F5A44}"
EndProject
Global
	GlobalSection(SolutionConfigurationPlatforms) = preSolution
		Debug|Any CPU = Debug|Any CPU
		Release|Any CPU = Release|Any CPU
	EndGlobalSection
	GlobalSection(ProjectConfigurationPlatforms) = postSolution
		{1F6A0F03-6771-463D-8AE7-9D0964B7E26B}.Debug|Any CPU.ActiveCfg = Debug|Any CPU
		{1F6A0F03-6771-463D-8AE7-9D0964B7E26B}.Debug|Any CPU.Build.0 = Debug|Any CPU
		{1F6A0F03-6771-463D-8AE7-9D0964B7E26B}.Release|Any CPU.ActiveCfg = Release|Any CPU
		{1F6A0F03-6771-463D-8AE7-9D0964B7E26B}.Release|Any CPU.Build.0 = Release|Any CPU
		{55D33B02-5A50-4A0C-9B03-5DDBB35F5A44}.Debug|Any CPU.ActiveCfg = Debug|Any CPU
		{55D33B02-5A50-4A0C-9B03-5DDBB35F5A44}.Debug|Any CPU.Build.0 = Debug|Any CPU
		{55D33B02-5A50-4A0C-9B03-5DDBB35F5A44}.Release|Any CPU.ActiveCfg = Release|Any CPU
		{55D33B02-5A50-4A0C-9B03-5DDBB35F5A44}.Release|Any CPU.Build.0 = Release|Any CPU
	EndGlobalSection
	GlobalSection(SolutionProperties) = preSolution
		HideSolutionNode = FALSE
	EndGlobalSection
	GlobalSection(ExtensibilityGlobals) = postSolution
		SolutionGuid = {FA319FD6-D3A4-4B85-ADAF-B394F0A9BABC}
	EndGlobalSection
EndGlobal
