
Microsoft Visual Studio Solution File, Format Version 12.00
# Visual Studio Version 17
VisualStudioVersion = 17.4.33110.190
MinimumVisualStudioVersion = 10.0.40219.1
Project("{FAE04EC0-301F-11D3-BF4B-00C04F79EFBC}") = "01. Furniture", "..\01. Furniture\01. Furniture.csproj", "{49B349C7-9084-4480-8D63-834FCC89E7FB}"
EndProject
Project("{FAE04EC0-301F-11D3-BF4B-00C04F79EFBC}") = "02. Race", "..\02. Race\02. Race.csproj", "{83A673B2-D1AF-448C-B25F-5A25BAC54B1E}"
EndProject
Project("{FAE04EC0-301F-11D3-BF4B-00C04F79EFBC}") = "03. SoftUni Bar Income", "..\03. SoftUni Bar Income\03. SoftUni Bar Income.csproj", "{1F617617-FC6B-41D8-8DC0-DFDE38276158}"
EndProject
Project("{FAE04EC0-301F-11D3-BF4B-00C04F79EFBC}") = "04. Star Enigma", "..\04. Star Enigma\04. Star Enigma.csproj", "{1914783B-C533-4122-AA15-0BB7904B40C0}"
EndProject
Project("{FAE04EC0-301F-11D3-BF4B-00C04F79EFBC}") = "05. Nether Realms", "..\05. Nether Realms\05. Nether Realms.csproj", "{D1D24812-AC76-4AE8-BFF0-51D61A687EB9}"
EndProject
Project("{FAE04EC0-301F-11D3-BF4B-00C04F79EFBC}") = "06. Extract Emails", "..\06. Extract Emails\06. Extract Emails.csproj", "{52EF7E36-8CE2-44C9-B6C1-183A80EEBD58}"
EndProject
Global
	GlobalSection(SolutionConfigurationPlatforms) = preSolution
		Debug|Any CPU = Debug|Any CPU
		Release|Any CPU = Release|Any CPU
	EndGlobalSection
	GlobalSection(ProjectConfigurationPlatforms) = postSolution
		{49B349C7-9084-4480-8D63-834FCC89E7FB}.Debug|Any CPU.ActiveCfg = Debug|Any CPU
		{49B349C7-9084-4480-8D63-834FCC89E7FB}.Debug|Any CPU.Build.0 = Debug|Any CPU
		{49B349C7-9084-4480-8D63-834FCC89E7FB}.Release|Any CPU.ActiveCfg = Release|Any CPU
		{49B349C7-9084-4480-8D63-834FCC89E7FB}.Release|Any CPU.Build.0 = Release|Any CPU
		{83A673B2-D1AF-448C-B25F-5A25BAC54B1E}.Debug|Any CPU.ActiveCfg = Debug|Any CPU
		{83A673B2-D1AF-448C-B25F-5A25BAC54B1E}.Debug|Any CPU.Build.0 = Debug|Any CPU
		{83A673B2-D1AF-448C-B25F-5A25BAC54B1E}.Release|Any CPU.ActiveCfg = Release|Any CPU
		{83A673B2-D1AF-448C-B25F-5A25BAC54B1E}.Release|Any CPU.Build.0 = Release|Any CPU
		{1F617617-FC6B-41D8-8DC0-DFDE38276158}.Debug|Any CPU.ActiveCfg = Debug|Any CPU
		{1F617617-FC6B-41D8-8DC0-DFDE38276158}.Debug|Any CPU.Build.0 = Debug|Any CPU
		{1F617617-FC6B-41D8-8DC0-DFDE38276158}.Release|Any CPU.ActiveCfg = Release|Any CPU
		{1F617617-FC6B-41D8-8DC0-DFDE38276158}.Release|Any CPU.Build.0 = Release|Any CPU
		{1914783B-C533-4122-AA15-0BB7904B40C0}.Debug|Any CPU.ActiveCfg = Debug|Any CPU
		{1914783B-C533-4122-AA15-0BB7904B40C0}.Debug|Any CPU.Build.0 = Debug|Any CPU
		{1914783B-C533-4122-AA15-0BB7904B40C0}.Release|Any CPU.ActiveCfg = Release|Any CPU
		{1914783B-C533-4122-AA15-0BB7904B40C0}.Release|Any CPU.Build.0 = Release|Any CPU
		{D1D24812-AC76-4AE8-BFF0-51D61A687EB9}.Debug|Any CPU.ActiveCfg = Debug|Any CPU
		{D1D24812-AC76-4AE8-BFF0-51D61A687EB9}.Debug|Any CPU.Build.0 = Debug|Any CPU
		{D1D24812-AC76-4AE8-BFF0-51D61A687EB9}.Release|Any CPU.ActiveCfg = Release|Any CPU
		{D1D24812-AC76-4AE8-BFF0-51D61A687EB9}.Release|Any CPU.Build.0 = Release|Any CPU
		{52EF7E36-8CE2-44C9-B6C1-183A80EEBD58}.Debug|Any CPU.ActiveCfg = Debug|Any CPU
		{52EF7E36-8CE2-44C9-B6C1-183A80EEBD58}.Debug|Any CPU.Build.0 = Debug|Any CPU
		{52EF7E36-8CE2-44C9-B6C1-183A80EEBD58}.Release|Any CPU.ActiveCfg = Release|Any CPU
		{52EF7E36-8CE2-44C9-B6C1-183A80EEBD58}.Release|Any CPU.Build.0 = Release|Any CPU
	EndGlobalSection
	GlobalSection(SolutionProperties) = preSolution
		HideSolutionNode = FALSE
	EndGlobalSection
	GlobalSection(ExtensibilityGlobals) = postSolution
		SolutionGuid = {4007DA9F-8E18-4B7B-BE52-CECB1FE45818}
	EndGlobalSection
EndGlobal
