
Microsoft Visual Studio Solution File, Format Version 12.00
# Visual Studio Version 17
VisualStudioVersion = 17.4.33110.190
MinimumVisualStudioVersion = 10.0.40219.1
Project("{FAE04EC0-301F-11D3-BF4B-00C04F79EFBC}") = "DayOfWeek", "..\DayOfWeek\DayOfWeek.csproj", "{E28D5040-95C9-488F-B87F-DA51D4A1E00E}"
EndProject
Project("{FAE04EC0-301F-11D3-BF4B-00C04F79EFBC}") = "WeekendOrWorkingDay", "..\WeekendOrWorkingDay\WeekendOrWorkingDay.csproj", "{ECC794F0-5D24-4ABD-B8F6-629C1483B42B}"
EndProject
Project("{FAE04EC0-301F-11D3-BF4B-00C04F79EFBC}") = "AnimalType", "..\AnimalType\AnimalType.csproj", "{A1D5C040-78AB-441C-9F14-A4905F985828}"
EndProject
Project("{FAE04EC0-301F-11D3-BF4B-00C04F79EFBC}") = "PersonalTitles", "..\PersonalTitles\PersonalTitles.csproj", "{22EC79D3-061A-424A-876A-80355478BB69}"
EndProject
Project("{FAE04EC0-301F-11D3-BF4B-00C04F79EFBC}") = "Small Shop", "..\Small Shop\Small Shop.csproj", "{568E3E3F-5D33-4F69-9B84-201248A86384}"
EndProject
Project("{FAE04EC0-301F-11D3-BF4B-00C04F79EFBC}") = "Number in Range", "..\Number in Range\Number in Range.csproj", "{3F8F4BA1-EF81-4C33-8A9C-C1C150C2E473}"
EndProject
Project("{FAE04EC0-301F-11D3-BF4B-00C04F79EFBC}") = "WorkingHours", "..\WorkingHours\WorkingHours.csproj", "{38C2C24B-8C13-4C3B-BE0A-19D2A5D1A661}"
EndProject
Project("{FAE04EC0-301F-11D3-BF4B-00C04F79EFBC}") = "Cinema Tickets", "..\Cinema Tickets\Cinema Tickets.csproj", "{378EC8F4-E033-4C8D-B476-7ED0329B3601}"
EndProject
Project("{FAE04EC0-301F-11D3-BF4B-00C04F79EFBC}") = "Fruit or Vegetable", "..\Fruit or Vegetable\Fruit or Vegetable.csproj", "{1E5B13E5-E45E-4208-83F3-F769FEC6E87E}"
EndProject
Project("{FAE04EC0-301F-11D3-BF4B-00C04F79EFBC}") = "Invalid Number", "..\Invalid Number\Invalid Number.csproj", "{56E81432-DDED-4669-810D-83A11ED16F8F}"
EndProject
Project("{FAE04EC0-301F-11D3-BF4B-00C04F79EFBC}") = "Fruit Shop", "..\Fruit Shop\Fruit Shop.csproj", "{C560BAC1-DF13-40D0-88CB-7AFC73CC7A0E}"
EndProject
Project("{FAE04EC0-301F-11D3-BF4B-00C04F79EFBC}") = "Trade Comissions", "..\Trade Comissions\Trade Comissions.csproj", "{69A463D4-5BFE-4FB9-BA61-44527C4239F6}"
EndProject
Project("{FAE04EC0-301F-11D3-BF4B-00C04F79EFBC}") = "Cinema", "..\Cinema\Cinema.csproj", "{54B77352-D974-453E-AC12-F677532A8AC1}"
EndProject
Project("{FAE04EC0-301F-11D3-BF4B-00C04F79EFBC}") = "SummerOutfit", "..\SummerOutfit\SummerOutfit.csproj", "{2CDC39F9-6AF5-476C-8F6D-6B14B225A0E9}"
EndProject
Project("{FAE04EC0-301F-11D3-BF4B-00C04F79EFBC}") = "New House", "..\New House\New House.csproj", "{86E89759-8B1D-4BFA-B9B0-B7DF896A3C08}"
EndProject
Project("{FAE04EC0-301F-11D3-BF4B-00C04F79EFBC}") = "FishingBoat", "..\FishingBoat\FishingBoat.csproj", "{143F56C6-3BB3-4EB7-BE80-E0BFECE317E4}"
EndProject
Project("{FAE04EC0-301F-11D3-BF4B-00C04F79EFBC}") = "Journey", "..\Journey\Journey.csproj", "{913AD04B-33CA-48AF-B437-AF5CE136B233}"
EndProject
Project("{FAE04EC0-301F-11D3-BF4B-00C04F79EFBC}") = "Operation Between Numbers", "..\Operation Between Numbers\Operation Between Numbers.csproj", "{1C5F0824-A7EE-4D32-940F-E1C30C49C342}"
EndProject
Project("{FAE04EC0-301F-11D3-BF4B-00C04F79EFBC}") = "Hotel Room", "..\Hotel Room\Hotel Room.csproj", "{2D9713A6-B862-42E2-9AFA-828D468D9F5B}"
EndProject
Project("{FAE04EC0-301F-11D3-BF4B-00C04F79EFBC}") = "On time for Exam", "..\On time for Exam\On time for Exam.csproj", "{DAF238C1-81B9-40F6-ACBD-C34A1B7A4EB3}"
EndProject
Project("{FAE04EC0-301F-11D3-BF4B-00C04F79EFBC}") = "Ski Trip", "..\Ski Trip\Ski Trip.csproj", "{B415D6F8-3BD9-4C7D-91BA-4098D19276BB}"
EndProject
Project("{FAE04EC0-301F-11D3-BF4B-00C04F79EFBC}") = "test", "..\test\test.csproj", "{DC9FCF7B-3875-4E8D-AF93-14443DC0A977}"
EndProject
Global
	GlobalSection(SolutionConfigurationPlatforms) = preSolution
		Debug|Any CPU = Debug|Any CPU
		Release|Any CPU = Release|Any CPU
	EndGlobalSection
	GlobalSection(ProjectConfigurationPlatforms) = postSolution
		{E28D5040-95C9-488F-B87F-DA51D4A1E00E}.Debug|Any CPU.ActiveCfg = Debug|Any CPU
		{E28D5040-95C9-488F-B87F-DA51D4A1E00E}.Debug|Any CPU.Build.0 = Debug|Any CPU
		{E28D5040-95C9-488F-B87F-DA51D4A1E00E}.Release|Any CPU.ActiveCfg = Release|Any CPU
		{E28D5040-95C9-488F-B87F-DA51D4A1E00E}.Release|Any CPU.Build.0 = Release|Any CPU
		{ECC794F0-5D24-4ABD-B8F6-629C1483B42B}.Debug|Any CPU.ActiveCfg = Debug|Any CPU
		{ECC794F0-5D24-4ABD-B8F6-629C1483B42B}.Debug|Any CPU.Build.0 = Debug|Any CPU
		{ECC794F0-5D24-4ABD-B8F6-629C1483B42B}.Release|Any CPU.ActiveCfg = Release|Any CPU
		{ECC794F0-5D24-4ABD-B8F6-629C1483B42B}.Release|Any CPU.Build.0 = Release|Any CPU
		{A1D5C040-78AB-441C-9F14-A4905F985828}.Debug|Any CPU.ActiveCfg = Debug|Any CPU
		{A1D5C040-78AB-441C-9F14-A4905F985828}.Debug|Any CPU.Build.0 = Debug|Any CPU
		{A1D5C040-78AB-441C-9F14-A4905F985828}.Release|Any CPU.ActiveCfg = Release|Any CPU
		{A1D5C040-78AB-441C-9F14-A4905F985828}.Release|Any CPU.Build.0 = Release|Any CPU
		{22EC79D3-061A-424A-876A-80355478BB69}.Debug|Any CPU.ActiveCfg = Debug|Any CPU
		{22EC79D3-061A-424A-876A-80355478BB69}.Debug|Any CPU.Build.0 = Debug|Any CPU
		{22EC79D3-061A-424A-876A-80355478BB69}.Release|Any CPU.ActiveCfg = Release|Any CPU
		{22EC79D3-061A-424A-876A-80355478BB69}.Release|Any CPU.Build.0 = Release|Any CPU
		{568E3E3F-5D33-4F69-9B84-201248A86384}.Debug|Any CPU.ActiveCfg = Debug|Any CPU
		{568E3E3F-5D33-4F69-9B84-201248A86384}.Debug|Any CPU.Build.0 = Debug|Any CPU
		{568E3E3F-5D33-4F69-9B84-201248A86384}.Release|Any CPU.ActiveCfg = Release|Any CPU
		{568E3E3F-5D33-4F69-9B84-201248A86384}.Release|Any CPU.Build.0 = Release|Any CPU
		{3F8F4BA1-EF81-4C33-8A9C-C1C150C2E473}.Debug|Any CPU.ActiveCfg = Debug|Any CPU
		{3F8F4BA1-EF81-4C33-8A9C-C1C150C2E473}.Debug|Any CPU.Build.0 = Debug|Any CPU
		{3F8F4BA1-EF81-4C33-8A9C-C1C150C2E473}.Release|Any CPU.ActiveCfg = Release|Any CPU
		{3F8F4BA1-EF81-4C33-8A9C-C1C150C2E473}.Release|Any CPU.Build.0 = Release|Any CPU
		{38C2C24B-8C13-4C3B-BE0A-19D2A5D1A661}.Debug|Any CPU.ActiveCfg = Debug|Any CPU
		{38C2C24B-8C13-4C3B-BE0A-19D2A5D1A661}.Debug|Any CPU.Build.0 = Debug|Any CPU
		{38C2C24B-8C13-4C3B-BE0A-19D2A5D1A661}.Release|Any CPU.ActiveCfg = Release|Any CPU
		{38C2C24B-8C13-4C3B-BE0A-19D2A5D1A661}.Release|Any CPU.Build.0 = Release|Any CPU
		{378EC8F4-E033-4C8D-B476-7ED0329B3601}.Debug|Any CPU.ActiveCfg = Debug|Any CPU
		{378EC8F4-E033-4C8D-B476-7ED0329B3601}.Debug|Any CPU.Build.0 = Debug|Any CPU
		{378EC8F4-E033-4C8D-B476-7ED0329B3601}.Release|Any CPU.ActiveCfg = Release|Any CPU
		{378EC8F4-E033-4C8D-B476-7ED0329B3601}.Release|Any CPU.Build.0 = Release|Any CPU
		{1E5B13E5-E45E-4208-83F3-F769FEC6E87E}.Debug|Any CPU.ActiveCfg = Debug|Any CPU
		{1E5B13E5-E45E-4208-83F3-F769FEC6E87E}.Debug|Any CPU.Build.0 = Debug|Any CPU
		{1E5B13E5-E45E-4208-83F3-F769FEC6E87E}.Release|Any CPU.ActiveCfg = Release|Any CPU
		{1E5B13E5-E45E-4208-83F3-F769FEC6E87E}.Release|Any CPU.Build.0 = Release|Any CPU
		{56E81432-DDED-4669-810D-83A11ED16F8F}.Debug|Any CPU.ActiveCfg = Debug|Any CPU
		{56E81432-DDED-4669-810D-83A11ED16F8F}.Debug|Any CPU.Build.0 = Debug|Any CPU
		{56E81432-DDED-4669-810D-83A11ED16F8F}.Release|Any CPU.ActiveCfg = Release|Any CPU
		{56E81432-DDED-4669-810D-83A11ED16F8F}.Release|Any CPU.Build.0 = Release|Any CPU
		{C560BAC1-DF13-40D0-88CB-7AFC73CC7A0E}.Debug|Any CPU.ActiveCfg = Debug|Any CPU
		{C560BAC1-DF13-40D0-88CB-7AFC73CC7A0E}.Debug|Any CPU.Build.0 = Debug|Any CPU
		{C560BAC1-DF13-40D0-88CB-7AFC73CC7A0E}.Release|Any CPU.ActiveCfg = Release|Any CPU
		{C560BAC1-DF13-40D0-88CB-7AFC73CC7A0E}.Release|Any CPU.Build.0 = Release|Any CPU
		{69A463D4-5BFE-4FB9-BA61-44527C4239F6}.Debug|Any CPU.ActiveCfg = Debug|Any CPU
		{69A463D4-5BFE-4FB9-BA61-44527C4239F6}.Debug|Any CPU.Build.0 = Debug|Any CPU
		{69A463D4-5BFE-4FB9-BA61-44527C4239F6}.Release|Any CPU.ActiveCfg = Release|Any CPU
		{69A463D4-5BFE-4FB9-BA61-44527C4239F6}.Release|Any CPU.Build.0 = Release|Any CPU
		{54B77352-D974-453E-AC12-F677532A8AC1}.Debug|Any CPU.ActiveCfg = Debug|Any CPU
		{54B77352-D974-453E-AC12-F677532A8AC1}.Debug|Any CPU.Build.0 = Debug|Any CPU
		{54B77352-D974-453E-AC12-F677532A8AC1}.Release|Any CPU.ActiveCfg = Release|Any CPU
		{54B77352-D974-453E-AC12-F677532A8AC1}.Release|Any CPU.Build.0 = Release|Any CPU
		{2CDC39F9-6AF5-476C-8F6D-6B14B225A0E9}.Debug|Any CPU.ActiveCfg = Debug|Any CPU
		{2CDC39F9-6AF5-476C-8F6D-6B14B225A0E9}.Debug|Any CPU.Build.0 = Debug|Any CPU
		{2CDC39F9-6AF5-476C-8F6D-6B14B225A0E9}.Release|Any CPU.ActiveCfg = Release|Any CPU
		{2CDC39F9-6AF5-476C-8F6D-6B14B225A0E9}.Release|Any CPU.Build.0 = Release|Any CPU
		{86E89759-8B1D-4BFA-B9B0-B7DF896A3C08}.Debug|Any CPU.ActiveCfg = Debug|Any CPU
		{86E89759-8B1D-4BFA-B9B0-B7DF896A3C08}.Debug|Any CPU.Build.0 = Debug|Any CPU
		{86E89759-8B1D-4BFA-B9B0-B7DF896A3C08}.Release|Any CPU.ActiveCfg = Release|Any CPU
		{86E89759-8B1D-4BFA-B9B0-B7DF896A3C08}.Release|Any CPU.Build.0 = Release|Any CPU
		{143F56C6-3BB3-4EB7-BE80-E0BFECE317E4}.Debug|Any CPU.ActiveCfg = Debug|Any CPU
		{143F56C6-3BB3-4EB7-BE80-E0BFECE317E4}.Debug|Any CPU.Build.0 = Debug|Any CPU
		{143F56C6-3BB3-4EB7-BE80-E0BFECE317E4}.Release|Any CPU.ActiveCfg = Release|Any CPU
		{143F56C6-3BB3-4EB7-BE80-E0BFECE317E4}.Release|Any CPU.Build.0 = Release|Any CPU
		{913AD04B-33CA-48AF-B437-AF5CE136B233}.Debug|Any CPU.ActiveCfg = Debug|Any CPU
		{913AD04B-33CA-48AF-B437-AF5CE136B233}.Debug|Any CPU.Build.0 = Debug|Any CPU
		{913AD04B-33CA-48AF-B437-AF5CE136B233}.Release|Any CPU.ActiveCfg = Release|Any CPU
		{913AD04B-33CA-48AF-B437-AF5CE136B233}.Release|Any CPU.Build.0 = Release|Any CPU
		{1C5F0824-A7EE-4D32-940F-E1C30C49C342}.Debug|Any CPU.ActiveCfg = Debug|Any CPU
		{1C5F0824-A7EE-4D32-940F-E1C30C49C342}.Debug|Any CPU.Build.0 = Debug|Any CPU
		{1C5F0824-A7EE-4D32-940F-E1C30C49C342}.Release|Any CPU.ActiveCfg = Release|Any CPU
		{1C5F0824-A7EE-4D32-940F-E1C30C49C342}.Release|Any CPU.Build.0 = Release|Any CPU
		{2D9713A6-B862-42E2-9AFA-828D468D9F5B}.Debug|Any CPU.ActiveCfg = Debug|Any CPU
		{2D9713A6-B862-42E2-9AFA-828D468D9F5B}.Debug|Any CPU.Build.0 = Debug|Any CPU
		{2D9713A6-B862-42E2-9AFA-828D468D9F5B}.Release|Any CPU.ActiveCfg = Release|Any CPU
		{2D9713A6-B862-42E2-9AFA-828D468D9F5B}.Release|Any CPU.Build.0 = Release|Any CPU
		{DAF238C1-81B9-40F6-ACBD-C34A1B7A4EB3}.Debug|Any CPU.ActiveCfg = Debug|Any CPU
		{DAF238C1-81B9-40F6-ACBD-C34A1B7A4EB3}.Debug|Any CPU.Build.0 = Debug|Any CPU
		{DAF238C1-81B9-40F6-ACBD-C34A1B7A4EB3}.Release|Any CPU.ActiveCfg = Release|Any CPU
		{DAF238C1-81B9-40F6-ACBD-C34A1B7A4EB3}.Release|Any CPU.Build.0 = Release|Any CPU
		{B415D6F8-3BD9-4C7D-91BA-4098D19276BB}.Debug|Any CPU.ActiveCfg = Debug|Any CPU
		{B415D6F8-3BD9-4C7D-91BA-4098D19276BB}.Debug|Any CPU.Build.0 = Debug|Any CPU
		{B415D6F8-3BD9-4C7D-91BA-4098D19276BB}.Release|Any CPU.ActiveCfg = Release|Any CPU
		{B415D6F8-3BD9-4C7D-91BA-4098D19276BB}.Release|Any CPU.Build.0 = Release|Any CPU
		{DC9FCF7B-3875-4E8D-AF93-14443DC0A977}.Debug|Any CPU.ActiveCfg = Debug|Any CPU
		{DC9FCF7B-3875-4E8D-AF93-14443DC0A977}.Debug|Any CPU.Build.0 = Debug|Any CPU
		{DC9FCF7B-3875-4E8D-AF93-14443DC0A977}.Release|Any CPU.ActiveCfg = Release|Any CPU
		{DC9FCF7B-3875-4E8D-AF93-14443DC0A977}.Release|Any CPU.Build.0 = Release|Any CPU
	EndGlobalSection
	GlobalSection(SolutionProperties) = preSolution
		HideSolutionNode = FALSE
	EndGlobalSection
	GlobalSection(ExtensibilityGlobals) = postSolution
		SolutionGuid = {1C5D05DA-9DAF-4EB2-9002-9CAB750F81F6}
	EndGlobalSection
EndGlobal
