
Microsoft Visual Studio Solution File, Format Version 12.00
# Visual Studio Version 17
VisualStudioVersion = 17.4.33110.190
MinimumVisualStudioVersion = 10.0.40219.1
Project("{FAE04EC0-301F-11D3-BF4B-00C04F79EFBC}") = "Diagonal Difference", "..\Diagonal Difference\Diagonal Difference.csproj", "{F2B1B67E-DB14-4525-9F2E-E0ECFED30A91}"
EndProject
Project("{FAE04EC0-301F-11D3-BF4B-00C04F79EFBC}") = "Squares in Matrix", "..\Squares in Matrix\Squares in Matrix.csproj", "{CE34F24A-880F-4305-A753-B61E9065DBCD}"
EndProject
Project("{FAE04EC0-301F-11D3-BF4B-00C04F79EFBC}") = "Maximal Sum", "..\Maximal Sum\Maximal Sum.csproj", "{AE351A02-D81D-4F0B-AB29-7943BD6F3234}"
EndProject
Project("{FAE04EC0-301F-11D3-BF4B-00C04F79EFBC}") = "Matrix Shuffling", "..\Matrix Shuffling\Matrix Shuffling.csproj", "{300C03D4-2F48-4F60-B057-FE9402C97F23}"
EndProject
Project("{FAE04EC0-301F-11D3-BF4B-00C04F79EFBC}") = "Snake Moves", "..\Snake Moves\Snake Moves.csproj", "{05982E76-6A7C-429B-8978-5B05B6032E35}"
EndProject
Project("{FAE04EC0-301F-11D3-BF4B-00C04F79EFBC}") = "Jagged Array Manipulator", "..\Jagged Array Manipulator\Jagged Array Manipulator.csproj", "{B9431E28-5AD6-46CE-BD37-C4BAA07960E4}"
EndProject
Project("{FAE04EC0-301F-11D3-BF4B-00C04F79EFBC}") = "Knight Game", "..\Knight Game\Knight Game.csproj", "{2DB3C39C-75B6-4BA0-9144-340D0C43F7E4}"
EndProject
Project("{FAE04EC0-301F-11D3-BF4B-00C04F79EFBC}") = "Bombs", "..\Bombs\Bombs.csproj", "{E53F736A-D8CF-4289-9A68-0E6376C12558}"
EndProject
Project("{FAE04EC0-301F-11D3-BF4B-00C04F79EFBC}") = "Miner", "..\Miner\Miner.csproj", "{97CFD140-A02E-4FC6-809D-9E6EBB780A64}"
EndProject
Project("{FAE04EC0-301F-11D3-BF4B-00C04F79EFBC}") = "Radioactive Mutant Vampire Bunnies", "..\Radioactive Mutant Vampire Bunnies\Radioactive Mutant Vampire Bunnies.csproj", "{0F083DD1-7628-48EB-8521-B71FCA668CC4}"
EndProject
Global
	GlobalSection(SolutionConfigurationPlatforms) = preSolution
		Debug|Any CPU = Debug|Any CPU
		Release|Any CPU = Release|Any CPU
	EndGlobalSection
	GlobalSection(ProjectConfigurationPlatforms) = postSolution
		{F2B1B67E-DB14-4525-9F2E-E0ECFED30A91}.Debug|Any CPU.ActiveCfg = Debug|Any CPU
		{F2B1B67E-DB14-4525-9F2E-E0ECFED30A91}.Debug|Any CPU.Build.0 = Debug|Any CPU
		{F2B1B67E-DB14-4525-9F2E-E0ECFED30A91}.Release|Any CPU.ActiveCfg = Release|Any CPU
		{F2B1B67E-DB14-4525-9F2E-E0ECFED30A91}.Release|Any CPU.Build.0 = Release|Any CPU
		{CE34F24A-880F-4305-A753-B61E9065DBCD}.Debug|Any CPU.ActiveCfg = Debug|Any CPU
		{CE34F24A-880F-4305-A753-B61E9065DBCD}.Debug|Any CPU.Build.0 = Debug|Any CPU
		{CE34F24A-880F-4305-A753-B61E9065DBCD}.Release|Any CPU.ActiveCfg = Release|Any CPU
		{CE34F24A-880F-4305-A753-B61E9065DBCD}.Release|Any CPU.Build.0 = Release|Any CPU
		{AE351A02-D81D-4F0B-AB29-7943BD6F3234}.Debug|Any CPU.ActiveCfg = Debug|Any CPU
		{AE351A02-D81D-4F0B-AB29-7943BD6F3234}.Debug|Any CPU.Build.0 = Debug|Any CPU
		{AE351A02-D81D-4F0B-AB29-7943BD6F3234}.Release|Any CPU.ActiveCfg = Release|Any CPU
		{AE351A02-D81D-4F0B-AB29-7943BD6F3234}.Release|Any CPU.Build.0 = Release|Any CPU
		{300C03D4-2F48-4F60-B057-FE9402C97F23}.Debug|Any CPU.ActiveCfg = Debug|Any CPU
		{300C03D4-2F48-4F60-B057-FE9402C97F23}.Debug|Any CPU.Build.0 = Debug|Any CPU
		{300C03D4-2F48-4F60-B057-FE9402C97F23}.Release|Any CPU.ActiveCfg = Release|Any CPU
		{300C03D4-2F48-4F60-B057-FE9402C97F23}.Release|Any CPU.Build.0 = Release|Any CPU
		{05982E76-6A7C-429B-8978-5B05B6032E35}.Debug|Any CPU.ActiveCfg = Debug|Any CPU
		{05982E76-6A7C-429B-8978-5B05B6032E35}.Debug|Any CPU.Build.0 = Debug|Any CPU
		{05982E76-6A7C-429B-8978-5B05B6032E35}.Release|Any CPU.ActiveCfg = Release|Any CPU
		{05982E76-6A7C-429B-8978-5B05B6032E35}.Release|Any CPU.Build.0 = Release|Any CPU
		{B9431E28-5AD6-46CE-BD37-C4BAA07960E4}.Debug|Any CPU.ActiveCfg = Debug|Any CPU
		{B9431E28-5AD6-46CE-BD37-C4BAA07960E4}.Debug|Any CPU.Build.0 = Debug|Any CPU
		{B9431E28-5AD6-46CE-BD37-C4BAA07960E4}.Release|Any CPU.ActiveCfg = Release|Any CPU
		{B9431E28-5AD6-46CE-BD37-C4BAA07960E4}.Release|Any CPU.Build.0 = Release|Any CPU
		{2DB3C39C-75B6-4BA0-9144-340D0C43F7E4}.Debug|Any CPU.ActiveCfg = Debug|Any CPU
		{2DB3C39C-75B6-4BA0-9144-340D0C43F7E4}.Debug|Any CPU.Build.0 = Debug|Any CPU
		{2DB3C39C-75B6-4BA0-9144-340D0C43F7E4}.Release|Any CPU.ActiveCfg = Release|Any CPU
		{2DB3C39C-75B6-4BA0-9144-340D0C43F7E4}.Release|Any CPU.Build.0 = Release|Any CPU
		{E53F736A-D8CF-4289-9A68-0E6376C12558}.Debug|Any CPU.ActiveCfg = Debug|Any CPU
		{E53F736A-D8CF-4289-9A68-0E6376C12558}.Debug|Any CPU.Build.0 = Debug|Any CPU
		{E53F736A-D8CF-4289-9A68-0E6376C12558}.Release|Any CPU.ActiveCfg = Release|Any CPU
		{E53F736A-D8CF-4289-9A68-0E6376C12558}.Release|Any CPU.Build.0 = Release|Any CPU
		{97CFD140-A02E-4FC6-809D-9E6EBB780A64}.Debug|Any CPU.ActiveCfg = Debug|Any CPU
		{97CFD140-A02E-4FC6-809D-9E6EBB780A64}.Debug|Any CPU.Build.0 = Debug|Any CPU
		{97CFD140-A02E-4FC6-809D-9E6EBB780A64}.Release|Any CPU.ActiveCfg = Release|Any CPU
		{97CFD140-A02E-4FC6-809D-9E6EBB780A64}.Release|Any CPU.Build.0 = Release|Any CPU
		{0F083DD1-7628-48EB-8521-B71FCA668CC4}.Debug|Any CPU.ActiveCfg = Debug|Any CPU
		{0F083DD1-7628-48EB-8521-B71FCA668CC4}.Debug|Any CPU.Build.0 = Debug|Any CPU
		{0F083DD1-7628-48EB-8521-B71FCA668CC4}.Release|Any CPU.ActiveCfg = Release|Any CPU
		{0F083DD1-7628-48EB-8521-B71FCA668CC4}.Release|Any CPU.Build.0 = Release|Any CPU
	EndGlobalSection
	GlobalSection(SolutionProperties) = preSolution
		HideSolutionNode = FALSE
	EndGlobalSection
	GlobalSection(ExtensibilityGlobals) = postSolution
		SolutionGuid = {FB9170F7-AAD9-4A4B-BB05-2CD55E04D3EF}
	EndGlobalSection
EndGlobal
