
Microsoft Visual Studio Solution File, Format Version 12.00
# Visual Studio Version 17
VisualStudioVersion = 17.4.33110.190
MinimumVisualStudioVersion = 10.0.40219.1
Project("{FAE04EC0-301F-11D3-BF4B-00C04F79EFBC}") = "OffroadChallenge", "..\OffroadChallenge\OffroadChallenge.csproj", "{7DDA0C4D-8E68-4FB1-8FBC-D943F09077C2}"
EndProject
Project("{FAE04EC0-301F-11D3-BF4B-00C04F79EFBC}") = "FishingCompetition", "..\FishingCompetition\FishingCompetition.csproj", "{F016D2D1-4DFF-4929-9915-4183EE050FF8}"
EndProject
Global
	GlobalSection(SolutionConfigurationPlatforms) = preSolution
		Debug|Any CPU = Debug|Any CPU
		Release|Any CPU = Release|Any CPU
	EndGlobalSection
	GlobalSection(ProjectConfigurationPlatforms) = postSolution
		{7DDA0C4D-8E68-4FB1-8FBC-D943F09077C2}.Debug|Any CPU.ActiveCfg = Debug|Any CPU
		{7DDA0C4D-8E68-4FB1-8FBC-D943F09077C2}.Debug|Any CPU.Build.0 = Debug|Any CPU
		{7DDA0C4D-8E68-4FB1-8FBC-D943F09077C2}.Release|Any CPU.ActiveCfg = Release|Any CPU
		{7DDA0C4D-8E68-4FB1-8FBC-D943F09077C2}.Release|Any CPU.Build.0 = Release|Any CPU
		{F016D2D1-4DFF-4929-9915-4183EE050FF8}.Debug|Any CPU.ActiveCfg = Debug|Any CPU
		{F016D2D1-4DFF-4929-9915-4183EE050FF8}.Debug|Any CPU.Build.0 = Debug|Any CPU
		{F016D2D1-4DFF-4929-9915-4183EE050FF8}.Release|Any CPU.ActiveCfg = Release|Any CPU
		{F016D2D1-4DFF-4929-9915-4183EE050FF8}.Release|Any CPU.Build.0 = Release|Any CPU
	EndGlobalSection
	GlobalSection(SolutionProperties) = preSolution
		HideSolutionNode = FALSE
	EndGlobalSection
	GlobalSection(ExtensibilityGlobals) = postSolution
		SolutionGuid = {464BB925-E963-499E-BFFD-EF6A3B762626}
	EndGlobalSection
EndGlobal
