
Microsoft Visual Studio Solution File, Format Version 12.00
# Visual Studio Version 17
VisualStudioVersion = 17.4.33110.190
MinimumVisualStudioVersion = 10.0.40219.1
Project("{FAE04EC0-301F-11D3-BF4B-00C04F79EFBC}") = "CustomList", "..\CustomList\CustomList.csproj", "{2F0DA46E-BA90-461A-B8FB-F5E2D30F95EB}"
EndProject
Project("{FAE04EC0-301F-11D3-BF4B-00C04F79EFBC}") = "CustomStack", "..\CustomStack\CustomStack.csproj", "{4F4F7335-F0A9-4740-9611-646C79F1BB89}"
EndProject
Project("{FAE04EC0-301F-11D3-BF4B-00C04F79EFBC}") = "CustomQueue", "..\CustomQueue\CustomQueue.csproj", "{1E8FAD6F-E9E3-444C-9653-585A06888989}"
EndProject
Global
	GlobalSection(SolutionConfigurationPlatforms) = preSolution
		Debug|Any CPU = Debug|Any CPU
		Release|Any CPU = Release|Any CPU
	EndGlobalSection
	GlobalSection(ProjectConfigurationPlatforms) = postSolution
		{2F0DA46E-BA90-461A-B8FB-F5E2D30F95EB}.Debug|Any CPU.ActiveCfg = Debug|Any CPU
		{2F0DA46E-BA90-461A-B8FB-F5E2D30F95EB}.Debug|Any CPU.Build.0 = Debug|Any CPU
		{2F0DA46E-BA90-461A-B8FB-F5E2D30F95EB}.Release|Any CPU.ActiveCfg = Release|Any CPU
		{2F0DA46E-BA90-461A-B8FB-F5E2D30F95EB}.Release|Any CPU.Build.0 = Release|Any CPU
		{4F4F7335-F0A9-4740-9611-646C79F1BB89}.Debug|Any CPU.ActiveCfg = Debug|Any CPU
		{4F4F7335-F0A9-4740-9611-646C79F1BB89}.Debug|Any CPU.Build.0 = Debug|Any CPU
		{4F4F7335-F0A9-4740-9611-646C79F1BB89}.Release|Any CPU.ActiveCfg = Release|Any CPU
		{4F4F7335-F0A9-4740-9611-646C79F1BB89}.Release|Any CPU.Build.0 = Release|Any CPU
		{1E8FAD6F-E9E3-444C-9653-585A06888989}.Debug|Any CPU.ActiveCfg = Debug|Any CPU
		{1E8FAD6F-E9E3-444C-9653-585A06888989}.Debug|Any CPU.Build.0 = Debug|Any CPU
		{1E8FAD6F-E9E3-444C-9653-585A06888989}.Release|Any CPU.ActiveCfg = Release|Any CPU
		{1E8FAD6F-E9E3-444C-9653-585A06888989}.Release|Any CPU.Build.0 = Release|Any CPU
	EndGlobalSection
	GlobalSection(SolutionProperties) = preSolution
		HideSolutionNode = FALSE
	EndGlobalSection
	GlobalSection(ExtensibilityGlobals) = postSolution
		SolutionGuid = {A0670CEC-9627-4BB5-9476-90C8FDC0214B}
	EndGlobalSection
EndGlobal
