
Microsoft Visual Studio Solution File, Format Version 12.00
# Visual Studio Version 17
VisualStudioVersion = 17.4.33110.190
MinimumVisualStudioVersion = 10.0.40219.1
Project("{FAE04EC0-301F-11D3-BF4B-00C04F79EFBC}") = "SumOfPrimeNumbers", "..\SumOfPrimeNumbers\SumOfPrimeNumbers.csproj", "{E466295F-239F-42D0-B255-975B3CBD97F0}"
EndProject
Project("{FAE04EC0-301F-11D3-BF4B-00C04F79EFBC}") = "PyramidOfNumber", "..\PyramidOfNumber\PyramidOfNumber.csproj", "{EDE5A362-AEC0-470E-9A72-A120E468B263}"
EndProject
Project("{FAE04EC0-301F-11D3-BF4B-00C04F79EFBC}") = "OddAndEven", "..\OddAndEven\OddAndEven.csproj", "{89AC7D89-541E-4F36-A1F7-367E99CAE60C}"
EndProject
Project("{FAE04EC0-301F-11D3-BF4B-00C04F79EFBC}") = "Train the Trainers", "..\Train the Trainers\Train the Trainers.csproj", "{C2ACCC98-F540-43B2-A0B9-8774EAEC0BE3}"
EndProject
Project("{FAE04EC0-301F-11D3-BF4B-00C04F79EFBC}") = "Special Numbers", "..\Special Numbers\Special Numbers.csproj", "{CBFD4D9A-A55A-407E-9838-E19D5EE8E322}"
EndProject
Project("{FAE04EC0-301F-11D3-BF4B-00C04F79EFBC}") = "Cinema Ticketss", "..\Cinema Ticketss\Cinema Ticketss.csproj", "{2D84AFBD-981C-4F11-BFE5-7B69A9A7EAF5}"
EndProject
Global
	GlobalSection(SolutionConfigurationPlatforms) = preSolution
		Debug|Any CPU = Debug|Any CPU
		Release|Any CPU = Release|Any CPU
	EndGlobalSection
	GlobalSection(ProjectConfigurationPlatforms) = postSolution
		{E466295F-239F-42D0-B255-975B3CBD97F0}.Debug|Any CPU.ActiveCfg = Debug|Any CPU
		{E466295F-239F-42D0-B255-975B3CBD97F0}.Debug|Any CPU.Build.0 = Debug|Any CPU
		{E466295F-239F-42D0-B255-975B3CBD97F0}.Release|Any CPU.ActiveCfg = Release|Any CPU
		{E466295F-239F-42D0-B255-975B3CBD97F0}.Release|Any CPU.Build.0 = Release|Any CPU
		{EDE5A362-AEC0-470E-9A72-A120E468B263}.Debug|Any CPU.ActiveCfg = Debug|Any CPU
		{EDE5A362-AEC0-470E-9A72-A120E468B263}.Debug|Any CPU.Build.0 = Debug|Any CPU
		{EDE5A362-AEC0-470E-9A72-A120E468B263}.Release|Any CPU.ActiveCfg = Release|Any CPU
		{EDE5A362-AEC0-470E-9A72-A120E468B263}.Release|Any CPU.Build.0 = Release|Any CPU
		{89AC7D89-541E-4F36-A1F7-367E99CAE60C}.Debug|Any CPU.ActiveCfg = Debug|Any CPU
		{89AC7D89-541E-4F36-A1F7-367E99CAE60C}.Debug|Any CPU.Build.0 = Debug|Any CPU
		{89AC7D89-541E-4F36-A1F7-367E99CAE60C}.Release|Any CPU.ActiveCfg = Release|Any CPU
		{89AC7D89-541E-4F36-A1F7-367E99CAE60C}.Release|Any CPU.Build.0 = Release|Any CPU
		{C2ACCC98-F540-43B2-A0B9-8774EAEC0BE3}.Debug|Any CPU.ActiveCfg = Debug|Any CPU
		{C2ACCC98-F540-43B2-A0B9-8774EAEC0BE3}.Debug|Any CPU.Build.0 = Debug|Any CPU
		{C2ACCC98-F540-43B2-A0B9-8774EAEC0BE3}.Release|Any CPU.ActiveCfg = Release|Any CPU
		{C2ACCC98-F540-43B2-A0B9-8774EAEC0BE3}.Release|Any CPU.Build.0 = Release|Any CPU
		{CBFD4D9A-A55A-407E-9838-E19D5EE8E322}.Debug|Any CPU.ActiveCfg = Debug|Any CPU
		{CBFD4D9A-A55A-407E-9838-E19D5EE8E322}.Debug|Any CPU.Build.0 = Debug|Any CPU
		{CBFD4D9A-A55A-407E-9838-E19D5EE8E322}.Release|Any CPU.ActiveCfg = Release|Any CPU
		{CBFD4D9A-A55A-407E-9838-E19D5EE8E322}.Release|Any CPU.Build.0 = Release|Any CPU
		{2D84AFBD-981C-4F11-BFE5-7B69A9A7EAF5}.Debug|Any CPU.ActiveCfg = Debug|Any CPU
		{2D84AFBD-981C-4F11-BFE5-7B69A9A7EAF5}.Debug|Any CPU.Build.0 = Debug|Any CPU
		{2D84AFBD-981C-4F11-BFE5-7B69A9A7EAF5}.Release|Any CPU.ActiveCfg = Release|Any CPU
		{2D84AFBD-981C-4F11-BFE5-7B69A9A7EAF5}.Release|Any CPU.Build.0 = Release|Any CPU
	EndGlobalSection
	GlobalSection(SolutionProperties) = preSolution
		HideSolutionNode = FALSE
	EndGlobalSection
	GlobalSection(ExtensibilityGlobals) = postSolution
		SolutionGuid = {8E231C24-92D0-43E3-A6C9-525B28C91538}
	EndGlobalSection
EndGlobal
