
Microsoft Visual Studio Solution File, Format Version 12.00
# Visual Studio Version 17
VisualStudioVersion = 17.4.33110.190
MinimumVisualStudioVersion = 10.0.40219.1
Project("{FAE04EC0-301F-11D3-BF4B-00C04F79EFBC}") = "DictionariesLecture", "DictionariesLecture.csproj", "{F9A3FA7D-DAA7-4CDC-8D5D-CE624C850EA4}"
EndProject
Project("{FAE04EC0-301F-11D3-BF4B-00C04F79EFBC}") = "ConsoleApp3", "..\ConsoleApp3\ConsoleApp3.csproj", "{5CB96A7D-A447-4BAE-A8AD-1F506DF01027}"
EndProject
Project("{FAE04EC0-301F-11D3-BF4B-00C04F79EFBC}") = "SortedDic", "..\SortedDic\SortedDic.csproj", "{E3EB5928-412E-40F3-B002-CE9FAAC11B25}"
EndProject
Project("{FAE04EC0-301F-11D3-BF4B-00C04F79EFBC}") = "03.Largest 3 numbers", "..\03.Largest 3 numbers\03.Largest 3 numbers.csproj", "{0FFAFDBE-C4AB-4712-A60F-C0F982C05146}"
EndProject
Project("{FAE04EC0-301F-11D3-BF4B-00C04F79EFBC}") = "AverageStudentGrades", "..\AverageStudentGrades\AverageStudentGrades.csproj", "{E62D8878-F861-430F-93EB-83BC69B4D21F}"
EndProject
Project("{FAE04EC0-301F-11D3-BF4B-00C04F79EFBC}") = "NestedDictionary", "..\NestedDictionary\NestedDictionary.csproj", "{C7EC61D6-203B-4F88-AEF9-99BDD724024A}"
EndProject
Global
	GlobalSection(SolutionConfigurationPlatforms) = preSolution
		Debug|Any CPU = Debug|Any CPU
		Release|Any CPU = Release|Any CPU
	EndGlobalSection
	GlobalSection(ProjectConfigurationPlatforms) = postSolution
		{F9A3FA7D-DAA7-4CDC-8D5D-CE624C850EA4}.Debug|Any CPU.ActiveCfg = Debug|Any CPU
		{F9A3FA7D-DAA7-4CDC-8D5D-CE624C850EA4}.Debug|Any CPU.Build.0 = Debug|Any CPU
		{F9A3FA7D-DAA7-4CDC-8D5D-CE624C850EA4}.Release|Any CPU.ActiveCfg = Release|Any CPU
		{F9A3FA7D-DAA7-4CDC-8D5D-CE624C850EA4}.Release|Any CPU.Build.0 = Release|Any CPU
		{5CB96A7D-A447-4BAE-A8AD-1F506DF01027}.Debug|Any CPU.ActiveCfg = Debug|Any CPU
		{5CB96A7D-A447-4BAE-A8AD-1F506DF01027}.Debug|Any CPU.Build.0 = Debug|Any CPU
		{5CB96A7D-A447-4BAE-A8AD-1F506DF01027}.Release|Any CPU.ActiveCfg = Release|Any CPU
		{5CB96A7D-A447-4BAE-A8AD-1F506DF01027}.Release|Any CPU.Build.0 = Release|Any CPU
		{E3EB5928-412E-40F3-B002-CE9FAAC11B25}.Debug|Any CPU.ActiveCfg = Debug|Any CPU
		{E3EB5928-412E-40F3-B002-CE9FAAC11B25}.Debug|Any CPU.Build.0 = Debug|Any CPU
		{E3EB5928-412E-40F3-B002-CE9FAAC11B25}.Release|Any CPU.ActiveCfg = Release|Any CPU
		{E3EB5928-412E-40F3-B002-CE9FAAC11B25}.Release|Any CPU.Build.0 = Release|Any CPU
		{0FFAFDBE-C4AB-4712-A60F-C0F982C05146}.Debug|Any CPU.ActiveCfg = Debug|Any CPU
		{0FFAFDBE-C4AB-4712-A60F-C0F982C05146}.Debug|Any CPU.Build.0 = Debug|Any CPU
		{0FFAFDBE-C4AB-4712-A60F-C0F982C05146}.Release|Any CPU.ActiveCfg = Release|Any CPU
		{0FFAFDBE-C4AB-4712-A60F-C0F982C05146}.Release|Any CPU.Build.0 = Release|Any CPU
		{E62D8878-F861-430F-93EB-83BC69B4D21F}.Debug|Any CPU.ActiveCfg = Debug|Any CPU
		{E62D8878-F861-430F-93EB-83BC69B4D21F}.Debug|Any CPU.Build.0 = Debug|Any CPU
		{E62D8878-F861-430F-93EB-83BC69B4D21F}.Release|Any CPU.ActiveCfg = Release|Any CPU
		{E62D8878-F861-430F-93EB-83BC69B4D21F}.Release|Any CPU.Build.0 = Release|Any CPU
		{C7EC61D6-203B-4F88-AEF9-99BDD724024A}.Debug|Any CPU.ActiveCfg = Debug|Any CPU
		{C7EC61D6-203B-4F88-AEF9-99BDD724024A}.Debug|Any CPU.Build.0 = Debug|Any CPU
		{C7EC61D6-203B-4F88-AEF9-99BDD724024A}.Release|Any CPU.ActiveCfg = Release|Any CPU
		{C7EC61D6-203B-4F88-AEF9-99BDD724024A}.Release|Any CPU.Build.0 = Release|Any CPU
	EndGlobalSection
	GlobalSection(SolutionProperties) = preSolution
		HideSolutionNode = FALSE
	EndGlobalSection
	GlobalSection(ExtensibilityGlobals) = postSolution
		SolutionGuid = {16488DBD-8C4B-4C78-8373-59B5BC1CE242}
	EndGlobalSection
EndGlobal
