
Microsoft Visual Studio Solution File, Format Version 12.00
# Visual Studio Version 17
VisualStudioVersion = 17.4.33110.190
MinimumVisualStudioVersion = 10.0.40219.1
Project("{FAE04EC0-301F-11D3-BF4B-00C04F79EFBC}") = "05. Teampwork Projects", "..\05. Teampwork Projects\05. Teampwork Projects.csproj", "{171E8103-0BA4-46F0-9602-64BA130EC751}"
EndProject
Project("{FAE04EC0-301F-11D3-BF4B-00C04F79EFBC}") = "01. Advertisement Message", "..\01. Advertisement Message\01. Advertisement Message.csproj", "{11FF782E-5659-44FC-90EA-7621DB15F6C8}"
EndProject
Project("{FAE04EC0-301F-11D3-BF4B-00C04F79EFBC}") = "02. Articles", "..\02. Articles\02. Articles.csproj", "{9041A41F-8263-456D-A05B-521FC029B373}"
EndProject
Project("{FAE04EC0-301F-11D3-BF4B-00C04F79EFBC}") = "03. Articles 2.0", "..\03. Articles 2.0\03. Articles 2.0.csproj", "{154A8093-5B33-437F-8EA0-C7E0C6AEDB63}"
EndProject
Project("{FAE04EC0-301F-11D3-BF4B-00C04F79EFBC}") = "04. Students", "..\04. Students\04. Students.csproj", "{0C3CBD40-F384-4DBA-A8BB-F0EB393E35C7}"
EndProject
Project("{FAE04EC0-301F-11D3-BF4B-00C04F79EFBC}") = "06. Vehicle Catalogue", "..\06. Vehicle Catalogue\06. Vehicle Catalogue.csproj", "{762A59E8-B09D-4CD0-9073-D841543C3237}"
EndProject
Project("{FAE04EC0-301F-11D3-BF4B-00C04F79EFBC}") = "07. Order By Age", "..\07. Order By Age\07. Order By Age.csproj", "{7DED2A6F-CD47-4727-A7DD-F984C95D3098}"
EndProject
Global
	GlobalSection(SolutionConfigurationPlatforms) = preSolution
		Debug|Any CPU = Debug|Any CPU
		Release|Any CPU = Release|Any CPU
	EndGlobalSection
	GlobalSection(ProjectConfigurationPlatforms) = postSolution
		{171E8103-0BA4-46F0-9602-64BA130EC751}.Debug|Any CPU.ActiveCfg = Debug|Any CPU
		{171E8103-0BA4-46F0-9602-64BA130EC751}.Debug|Any CPU.Build.0 = Debug|Any CPU
		{171E8103-0BA4-46F0-9602-64BA130EC751}.Release|Any CPU.ActiveCfg = Release|Any CPU
		{171E8103-0BA4-46F0-9602-64BA130EC751}.Release|Any CPU.Build.0 = Release|Any CPU
		{11FF782E-5659-44FC-90EA-7621DB15F6C8}.Debug|Any CPU.ActiveCfg = Debug|Any CPU
		{11FF782E-5659-44FC-90EA-7621DB15F6C8}.Debug|Any CPU.Build.0 = Debug|Any CPU
		{11FF782E-5659-44FC-90EA-7621DB15F6C8}.Release|Any CPU.ActiveCfg = Release|Any CPU
		{11FF782E-5659-44FC-90EA-7621DB15F6C8}.Release|Any CPU.Build.0 = Release|Any CPU
		{9041A41F-8263-456D-A05B-521FC029B373}.Debug|Any CPU.ActiveCfg = Debug|Any CPU
		{9041A41F-8263-456D-A05B-521FC029B373}.Debug|Any CPU.Build.0 = Debug|Any CPU
		{9041A41F-8263-456D-A05B-521FC029B373}.Release|Any CPU.ActiveCfg = Release|Any CPU
		{9041A41F-8263-456D-A05B-521FC029B373}.Release|Any CPU.Build.0 = Release|Any CPU
		{154A8093-5B33-437F-8EA0-C7E0C6AEDB63}.Debug|Any CPU.ActiveCfg = Debug|Any CPU
		{154A8093-5B33-437F-8EA0-C7E0C6AEDB63}.Debug|Any CPU.Build.0 = Debug|Any CPU
		{154A8093-5B33-437F-8EA0-C7E0C6AEDB63}.Release|Any CPU.ActiveCfg = Release|Any CPU
		{154A8093-5B33-437F-8EA0-C7E0C6AEDB63}.Release|Any CPU.Build.0 = Release|Any CPU
		{0C3CBD40-F384-4DBA-A8BB-F0EB393E35C7}.Debug|Any CPU.ActiveCfg = Debug|Any CPU
		{0C3CBD40-F384-4DBA-A8BB-F0EB393E35C7}.Debug|Any CPU.Build.0 = Debug|Any CPU
		{0C3CBD40-F384-4DBA-A8BB-F0EB393E35C7}.Release|Any CPU.ActiveCfg = Release|Any CPU
		{0C3CBD40-F384-4DBA-A8BB-F0EB393E35C7}.Release|Any CPU.Build.0 = Release|Any CPU
		{762A59E8-B09D-4CD0-9073-D841543C3237}.Debug|Any CPU.ActiveCfg = Debug|Any CPU
		{762A59E8-B09D-4CD0-9073-D841543C3237}.Debug|Any CPU.Build.0 = Debug|Any CPU
		{762A59E8-B09D-4CD0-9073-D841543C3237}.Release|Any CPU.ActiveCfg = Release|Any CPU
		{762A59E8-B09D-4CD0-9073-D841543C3237}.Release|Any CPU.Build.0 = Release|Any CPU
		{7DED2A6F-CD47-4727-A7DD-F984C95D3098}.Debug|Any CPU.ActiveCfg = Debug|Any CPU
		{7DED2A6F-CD47-4727-A7DD-F984C95D3098}.Debug|Any CPU.Build.0 = Debug|Any CPU
		{7DED2A6F-CD47-4727-A7DD-F984C95D3098}.Release|Any CPU.ActiveCfg = Release|Any CPU
		{7DED2A6F-CD47-4727-A7DD-F984C95D3098}.Release|Any CPU.Build.0 = Release|Any CPU
	EndGlobalSection
	GlobalSection(SolutionProperties) = preSolution
		HideSolutionNode = FALSE
	EndGlobalSection
	GlobalSection(ExtensibilityGlobals) = postSolution
		SolutionGuid = {92A81438-48D7-46B9-A771-50EF316F3717}
	EndGlobalSection
EndGlobal
