
Microsoft Visual Studio Solution File, Format Version 12.00
# Visual Studio Version 17
VisualStudioVersion = 17.4.33110.190
MinimumVisualStudioVersion = 10.0.40219.1
Project("{FAE04EC0-301F-11D3-BF4B-00C04F79EFBC}") = "01.Excursion", "..\01.Excursion\01.Excursion.csproj", "{C54658F6-2F89-447E-AD16-654F8B080D33}"
EndProject
Project("{FAE04EC0-301F-11D3-BF4B-00C04F79EFBC}") = "02. BraceletStand", "..\02. BraceletStand\02. BraceletStand.csproj", "{C8D17124-89F2-47E1-AE0B-415F210F11BD}"
EndProject
Project("{FAE04EC0-301F-11D3-BF4B-00C04F79EFBC}") = "03.SantasHoliday", "..\03.SantasHoliday\03.SantasHoliday.csproj", "{C3B918D6-AB47-47D2-97E2-9D549996D073}"
EndProject
Project("{FAE04EC0-301F-11D3-BF4B-00C04F79EFBC}") = "04.Workout", "..\04.Workout\04.Workout.csproj", "{41ABA5CC-D6E2-4FA6-857F-EC175D9AE7C9}"
EndProject
Project("{FAE04EC0-301F-11D3-BF4B-00C04F79EFBC}") = "05.Excursion Sale", "..\05.Excursion Sale\05.Excursion Sale.csproj", "{4795430F-7D26-4B60-AC7D-38C12906CD83}"
EndProject
Project("{FAE04EC0-301F-11D3-BF4B-00C04F79EFBC}") = "06.SumAndProduct", "..\06.SumAndProduct\06.SumAndProduct.csproj", "{35C95F0C-BE04-458D-858E-997F6DA900B8}"
EndProject
Global
	GlobalSection(SolutionConfigurationPlatforms) = preSolution
		Debug|Any CPU = Debug|Any CPU
		Release|Any CPU = Release|Any CPU
	EndGlobalSection
	GlobalSection(ProjectConfigurationPlatforms) = postSolution
		{C54658F6-2F89-447E-AD16-654F8B080D33}.Debug|Any CPU.ActiveCfg = Debug|Any CPU
		{C54658F6-2F89-447E-AD16-654F8B080D33}.Debug|Any CPU.Build.0 = Debug|Any CPU
		{C54658F6-2F89-447E-AD16-654F8B080D33}.Release|Any CPU.ActiveCfg = Release|Any CPU
		{C54658F6-2F89-447E-AD16-654F8B080D33}.Release|Any CPU.Build.0 = Release|Any CPU
		{C8D17124-89F2-47E1-AE0B-415F210F11BD}.Debug|Any CPU.ActiveCfg = Debug|Any CPU
		{C8D17124-89F2-47E1-AE0B-415F210F11BD}.Debug|Any CPU.Build.0 = Debug|Any CPU
		{C8D17124-89F2-47E1-AE0B-415F210F11BD}.Release|Any CPU.ActiveCfg = Release|Any CPU
		{C8D17124-89F2-47E1-AE0B-415F210F11BD}.Release|Any CPU.Build.0 = Release|Any CPU
		{C3B918D6-AB47-47D2-97E2-9D549996D073}.Debug|Any CPU.ActiveCfg = Debug|Any CPU
		{C3B918D6-AB47-47D2-97E2-9D549996D073}.Debug|Any CPU.Build.0 = Debug|Any CPU
		{C3B918D6-AB47-47D2-97E2-9D549996D073}.Release|Any CPU.ActiveCfg = Release|Any CPU
		{C3B918D6-AB47-47D2-97E2-9D549996D073}.Release|Any CPU.Build.0 = Release|Any CPU
		{41ABA5CC-D6E2-4FA6-857F-EC175D9AE7C9}.Debug|Any CPU.ActiveCfg = Debug|Any CPU
		{41ABA5CC-D6E2-4FA6-857F-EC175D9AE7C9}.Debug|Any CPU.Build.0 = Debug|Any CPU
		{41ABA5CC-D6E2-4FA6-857F-EC175D9AE7C9}.Release|Any CPU.ActiveCfg = Release|Any CPU
		{41ABA5CC-D6E2-4FA6-857F-EC175D9AE7C9}.Release|Any CPU.Build.0 = Release|Any CPU
		{4795430F-7D26-4B60-AC7D-38C12906CD83}.Debug|Any CPU.ActiveCfg = Debug|Any CPU
		{4795430F-7D26-4B60-AC7D-38C12906CD83}.Debug|Any CPU.Build.0 = Debug|Any CPU
		{4795430F-7D26-4B60-AC7D-38C12906CD83}.Release|Any CPU.ActiveCfg = Release|Any CPU
		{4795430F-7D26-4B60-AC7D-38C12906CD83}.Release|Any CPU.Build.0 = Release|Any CPU
		{35C95F0C-BE04-458D-858E-997F6DA900B8}.Debug|Any CPU.ActiveCfg = Debug|Any CPU
		{35C95F0C-BE04-458D-858E-997F6DA900B8}.Debug|Any CPU.Build.0 = Debug|Any CPU
		{35C95F0C-BE04-458D-858E-997F6DA900B8}.Release|Any CPU.ActiveCfg = Release|Any CPU
		{35C95F0C-BE04-458D-858E-997F6DA900B8}.Release|Any CPU.Build.0 = Release|Any CPU
	EndGlobalSection
	GlobalSection(SolutionProperties) = preSolution
		HideSolutionNode = FALSE
	EndGlobalSection
	GlobalSection(ExtensibilityGlobals) = postSolution
		SolutionGuid = {651786D2-E944-4D5C-BE95-F4C806FC2F6E}
	EndGlobalSection
EndGlobal
