
Microsoft Visual Studio Solution File, Format Version 12.00
# Visual Studio Version 17
VisualStudioVersion = 17.4.33110.190
MinimumVisualStudioVersion = 10.0.40219.1
Project("{FAE04EC0-301F-11D3-BF4B-00C04F79EFBC}") = "Problem 1. Computer Store", "..\Problem 1. Computer Store\Problem 1. Computer Store.csproj", "{4CDEADFC-6848-4CE5-B4AF-2604134479CC}"
EndProject
Project("{FAE04EC0-301F-11D3-BF4B-00C04F79EFBC}") = "Problem 2. MuOnline", "..\Problem 2. MuOnline\Problem 2. MuOnline.csproj", "{869EE2E5-178E-47B9-8E27-E6DF173C1FDF}"
EndProject
Project("{FAE04EC0-301F-11D3-BF4B-00C04F79EFBC}") = "Problem 3. Health Delivery", "..\Problem 3. Health Delivery\Problem 3. Health Delivery.csproj", "{19B3485E-2DF9-4217-A917-20072C44A27F}"
EndProject
Global
	GlobalSection(SolutionConfigurationPlatforms) = preSolution
		Debug|Any CPU = Debug|Any CPU
		Release|Any CPU = Release|Any CPU
	EndGlobalSection
	GlobalSection(ProjectConfigurationPlatforms) = postSolution
		{4CDEADFC-6848-4CE5-B4AF-2604134479CC}.Debug|Any CPU.ActiveCfg = Debug|Any CPU
		{4CDEADFC-6848-4CE5-B4AF-2604134479CC}.Debug|Any CPU.Build.0 = Debug|Any CPU
		{4CDEADFC-6848-4CE5-B4AF-2604134479CC}.Release|Any CPU.ActiveCfg = Release|Any CPU
		{4CDEADFC-6848-4CE5-B4AF-2604134479CC}.Release|Any CPU.Build.0 = Release|Any CPU
		{869EE2E5-178E-47B9-8E27-E6DF173C1FDF}.Debug|Any CPU.ActiveCfg = Debug|Any CPU
		{869EE2E5-178E-47B9-8E27-E6DF173C1FDF}.Debug|Any CPU.Build.0 = Debug|Any CPU
		{869EE2E5-178E-47B9-8E27-E6DF173C1FDF}.Release|Any CPU.ActiveCfg = Release|Any CPU
		{869EE2E5-178E-47B9-8E27-E6DF173C1FDF}.Release|Any CPU.Build.0 = Release|Any CPU
		{19B3485E-2DF9-4217-A917-20072C44A27F}.Debug|Any CPU.ActiveCfg = Debug|Any CPU
		{19B3485E-2DF9-4217-A917-20072C44A27F}.Debug|Any CPU.Build.0 = Debug|Any CPU
		{19B3485E-2DF9-4217-A917-20072C44A27F}.Release|Any CPU.ActiveCfg = Release|Any CPU
		{19B3485E-2DF9-4217-A917-20072C44A27F}.Release|Any CPU.Build.0 = Release|Any CPU
	EndGlobalSection
	GlobalSection(SolutionProperties) = preSolution
		HideSolutionNode = FALSE
	EndGlobalSection
	GlobalSection(ExtensibilityGlobals) = postSolution
		SolutionGuid = {5C4ED355-5960-4FB6-8F90-75C73B23A97A}
	EndGlobalSection
EndGlobal
