
Microsoft Visual Studio Solution File, Format Version 12.00
# Visual Studio Version 17
VisualStudioVersion = 17.4.33110.190
MinimumVisualStudioVersion = 10.0.40219.1
Project("{FAE04EC0-301F-11D3-BF4B-00C04F79EFBC}") = "Exam Task 1", "..\Exam Task 1\Exam Task 1.csproj", "{5048CC13-28FB-4A3E-924E-5B8AA9E0AD7D}"
EndProject
Project("{FAE04EC0-301F-11D3-BF4B-00C04F79EFBC}") = "Exam Task 2", "..\Exam Task 2\Exam Task 2.csproj", "{0D7381B3-5682-4677-84B7-4A1FAE6B07DF}"
EndProject
Project("{FAE04EC0-301F-11D3-BF4B-00C04F79EFBC}") = "Exam Task 3", "..\Exam Task 3\Exam Task 3.csproj", "{768CA0A0-4CB6-4CE2-B05B-14ADEE67CB11}"
EndProject
Project("{FAE04EC0-301F-11D3-BF4B-00C04F79EFBC}") = "Exam Task 2 Redo", "..\Exam Task 2 Redo\Exam Task 2 Redo.csproj", "{DF180B15-E8C1-4068-8BD2-4CF2B98D204C}"
EndProject
Global
	GlobalSection(SolutionConfigurationPlatforms) = preSolution
		Debug|Any CPU = Debug|Any CPU
		Release|Any CPU = Release|Any CPU
	EndGlobalSection
	GlobalSection(ProjectConfigurationPlatforms) = postSolution
		{5048CC13-28FB-4A3E-924E-5B8AA9E0AD7D}.Debug|Any CPU.ActiveCfg = Debug|Any CPU
		{5048CC13-28FB-4A3E-924E-5B8AA9E0AD7D}.Debug|Any CPU.Build.0 = Debug|Any CPU
		{5048CC13-28FB-4A3E-924E-5B8AA9E0AD7D}.Release|Any CPU.ActiveCfg = Release|Any CPU
		{5048CC13-28FB-4A3E-924E-5B8AA9E0AD7D}.Release|Any CPU.Build.0 = Release|Any CPU
		{0D7381B3-5682-4677-84B7-4A1FAE6B07DF}.Debug|Any CPU.ActiveCfg = Debug|Any CPU
		{0D7381B3-5682-4677-84B7-4A1FAE6B07DF}.Debug|Any CPU.Build.0 = Debug|Any CPU
		{0D7381B3-5682-4677-84B7-4A1FAE6B07DF}.Release|Any CPU.ActiveCfg = Release|Any CPU
		{0D7381B3-5682-4677-84B7-4A1FAE6B07DF}.Release|Any CPU.Build.0 = Release|Any CPU
		{768CA0A0-4CB6-4CE2-B05B-14ADEE67CB11}.Debug|Any CPU.ActiveCfg = Debug|Any CPU
		{768CA0A0-4CB6-4CE2-B05B-14ADEE67CB11}.Debug|Any CPU.Build.0 = Debug|Any CPU
		{768CA0A0-4CB6-4CE2-B05B-14ADEE67CB11}.Release|Any CPU.ActiveCfg = Release|Any CPU
		{768CA0A0-4CB6-4CE2-B05B-14ADEE67CB11}.Release|Any CPU.Build.0 = Release|Any CPU
		{DF180B15-E8C1-4068-8BD2-4CF2B98D204C}.Debug|Any CPU.ActiveCfg = Debug|Any CPU
		{DF180B15-E8C1-4068-8BD2-4CF2B98D204C}.Debug|Any CPU.Build.0 = Debug|Any CPU
		{DF180B15-E8C1-4068-8BD2-4CF2B98D204C}.Release|Any CPU.ActiveCfg = Release|Any CPU
		{DF180B15-E8C1-4068-8BD2-4CF2B98D204C}.Release|Any CPU.Build.0 = Release|Any CPU
	EndGlobalSection
	GlobalSection(SolutionProperties) = preSolution
		HideSolutionNode = FALSE
	EndGlobalSection
	GlobalSection(ExtensibilityGlobals) = postSolution
		SolutionGuid = {35F3D0F0-9CB4-4632-9EBD-943F5A16306F}
	EndGlobalSection
EndGlobal
