
Microsoft Visual Studio Solution File, Format Version 12.00
# Visual Studio Version 17
VisualStudioVersion = 17.8.34316.72
MinimumVisualStudioVersion = 10.0.40219.1
Project("{FAE04EC0-301F-11D3-BF4B-00C04F79EFBC}") = "AirportApp.Web", "AirportApp.Web.csproj", "{473FA44D-3F21-49F5-AE1E-F7E69DE0EFD4}"
EndProject
Project("{FAE04EC0-301F-11D3-BF4B-00C04F79EFBC}") = "AirportApp.Web.ViewModels", "..\AirportApp.Web.ViewModels\AirportApp.Web.ViewModels.csproj", "{C8978A5B-AC36-4EC8-8DED-D23E908469BB}"
EndProject
Project("{FAE04EC0-301F-11D3-BF4B-00C04F79EFBC}") = "AirportApp.Common", "..\AirportApp.Common\AirportApp.Common.csproj", "{773E4853-7D4E-487B-A783-68CD9F79A756}"
EndProject
Project("{FAE04EC0-301F-11D3-BF4B-00C04F79EFBC}") = "AirportApp.Data.Models", "..\AirportApp.Data.Models\AirportApp.Data.Models.csproj", "{FCB66F56-598E-44A4-9180-B914D270EF0A}"
EndProject
Project("{2150E333-8FDC-42A3-9474-1A3956D46DE8}") = "Web", "Web", "{5D509114-66BB-4827-982B-F7872E4FF501}"
EndProject
Project("{2150E333-8FDC-42A3-9474-1A3956D46DE8}") = "Data", "Data", "{24587BFB-AD7A-4AD5-A737-ABE9D5D20796}"
EndProject
Global
	GlobalSection(SolutionConfigurationPlatforms) = preSolution
		Debug|Any CPU = Debug|Any CPU
		Release|Any CPU = Release|Any CPU
	EndGlobalSection
	GlobalSection(ProjectConfigurationPlatforms) = postSolution
		{473FA44D-3F21-49F5-AE1E-F7E69DE0EFD4}.Debug|Any CPU.ActiveCfg = Debug|Any CPU
		{473FA44D-3F21-49F5-AE1E-F7E69DE0EFD4}.Debug|Any CPU.Build.0 = Debug|Any CPU
		{473FA44D-3F21-49F5-AE1E-F7E69DE0EFD4}.Release|Any CPU.ActiveCfg = Release|Any CPU
		{473FA44D-3F21-49F5-AE1E-F7E69DE0EFD4}.Release|Any CPU.Build.0 = Release|Any CPU
		{C8978A5B-AC36-4EC8-8DED-D23E908469BB}.Debug|Any CPU.ActiveCfg = Debug|Any CPU
		{C8978A5B-AC36-4EC8-8DED-D23E908469BB}.Debug|Any CPU.Build.0 = Debug|Any CPU
		{C8978A5B-AC36-4EC8-8DED-D23E908469BB}.Release|Any CPU.ActiveCfg = Release|Any CPU
		{C8978A5B-AC36-4EC8-8DED-D23E908469BB}.Release|Any CPU.Build.0 = Release|Any CPU
		{773E4853-7D4E-487B-A783-68CD9F79A756}.Debug|Any CPU.ActiveCfg = Debug|Any CPU
		{773E4853-7D4E-487B-A783-68CD9F79A756}.Debug|Any CPU.Build.0 = Debug|Any CPU
		{773E4853-7D4E-487B-A783-68CD9F79A756}.Release|Any CPU.ActiveCfg = Release|Any CPU
		{773E4853-7D4E-487B-A783-68CD9F79A756}.Release|Any CPU.Build.0 = Release|Any CPU
		{FCB66F56-598E-44A4-9180-B914D270EF0A}.Debug|Any CPU.ActiveCfg = Debug|Any CPU
		{FCB66F56-598E-44A4-9180-B914D270EF0A}.Debug|Any CPU.Build.0 = Debug|Any CPU
		{FCB66F56-598E-44A4-9180-B914D270EF0A}.Release|Any CPU.ActiveCfg = Release|Any CPU
		{FCB66F56-598E-44A4-9180-B914D270EF0A}.Release|Any CPU.Build.0 = Release|Any CPU
	EndGlobalSection
	GlobalSection(SolutionProperties) = preSolution
		HideSolutionNode = FALSE
	EndGlobalSection
	GlobalSection(NestedProjects) = preSolution
		{473FA44D-3F21-49F5-AE1E-F7E69DE0EFD4} = {5D509114-66BB-4827-982B-F7872E4FF501}
		{C8978A5B-AC36-4EC8-8DED-D23E908469BB} = {5D509114-66BB-4827-982B-F7872E4FF501}
		{FCB66F56-598E-44A4-9180-B914D270EF0A} = {24587BFB-AD7A-4AD5-A737-ABE9D5D20796}
	EndGlobalSection
	GlobalSection(ExtensibilityGlobals) = postSolution
		SolutionGuid = {34CB69DD-5874-4BDF-8506-3E22E5BEAFC3}
	EndGlobalSection
EndGlobal
