
Microsoft Visual Studio Solution File, Format Version 12.00
# Visual Studio Version 17
VisualStudioVersion = 17.8.34316.72
MinimumVisualStudioVersion = 10.0.40219.1
Project("{FAE04EC0-301F-11D3-BF4B-00C04F79EFBC}") = "P01_StudentSystem", "P01_StudentSystem.csproj", "{23981B69-AE57-41CC-AF52-53CF0DE7416D}"
EndProject
Global
	GlobalSection(SolutionConfigurationPlatforms) = preSolution
		Debug|Any CPU = Debug|Any CPU
		Release|Any CPU = Release|Any CPU
	EndGlobalSection
	GlobalSection(ProjectConfigurationPlatforms) = postSolution
		{23981B69-AE57-41CC-AF52-53CF0DE7416D}.Debug|Any CPU.ActiveCfg = Debug|Any CPU
		{23981B69-AE57-41CC-AF52-53CF0DE7416D}.Debug|Any CPU.Build.0 = Debug|Any CPU
		{23981B69-AE57-41CC-AF52-53CF0DE7416D}.Release|Any CPU.ActiveCfg = Release|Any CPU
		{23981B69-AE57-41CC-AF52-53CF0DE7416D}.Release|Any CPU.Build.0 = Release|Any CPU
	EndGlobalSection
	GlobalSection(SolutionProperties) = preSolution
		HideSolutionNode = FALSE
	EndGlobalSection
	GlobalSection(ExtensibilityGlobals) = postSolution
		SolutionGuid = {247CF8E2-1C7D-4831-81C5-F1FD49D1F180}
	EndGlobalSection
EndGlobal
