
Microsoft Visual Studio Solution File, Format Version 12.00
# Visual Studio Version 17
VisualStudioVersion = 17.4.33110.190
MinimumVisualStudioVersion = 10.0.40219.1
Project("{FAE04EC0-301F-11D3-BF4B-00C04F79EFBC}") = "01. Smallest of Three Numbers", "..\01. Smallest of Three Numbers\01. Smallest of Three Numbers.csproj", "{A57FE576-DCE0-41A1-B7A0-D112AB423954}"
EndProject
Project("{FAE04EC0-301F-11D3-BF4B-00C04F79EFBC}") = "02. Vowels Count", "..\02. Vowels Count\02. Vowels Count.csproj", "{D1E57EC9-74E8-4BA6-B2F5-98D6160A260A}"
EndProject
Project("{FAE04EC0-301F-11D3-BF4B-00C04F79EFBC}") = "03. Characters in Range", "..\03. Characters in Range\03. Characters in Range.csproj", "{5CA418E8-A5B3-4713-858E-B401DB75FC1E}"
EndProject
Project("{FAE04EC0-301F-11D3-BF4B-00C04F79EFBC}") = "04. Password Validator", "..\04. Password Validator\04. Password Validator.csproj", "{A81A0DF3-5102-4901-8CF1-F78737A53303}"
EndProject
Project("{FAE04EC0-301F-11D3-BF4B-00C04F79EFBC}") = "05. Add and Substract", "..\05. Add and Substract\05. Add and Substract.csproj", "{53333DCA-7A3E-422B-A3F1-39CE5658C16D}"
EndProject
Project("{FAE04EC0-301F-11D3-BF4B-00C04F79EFBC}") = "06. Middle Characters", "..\06. Middle Characters\06. Middle Characters.csproj", "{D196969B-3EFA-4641-A37F-58A3C88599BC}"
EndProject
Project("{FAE04EC0-301F-11D3-BF4B-00C04F79EFBC}") = "07. NxN Matrix", "..\07. NxN Matrix\07. NxN Matrix.csproj", "{2F5EB523-C366-4619-B89F-6AC50DF60C09}"
EndProject
Project("{FAE04EC0-301F-11D3-BF4B-00C04F79EFBC}") = "08. Factorial Division", "..\08. Factorial Division\08. Factorial Division.csproj", "{6EBFBCF6-EA5B-48B6-893D-21BFC3B2935D}"
EndProject
Project("{FAE04EC0-301F-11D3-BF4B-00C04F79EFBC}") = "09. Palidrome Integers", "..\09. Palidrome Integers\09. Palidrome Integers.csproj", "{97C1D2B8-8955-47A2-8F8A-3770EE40A88B}"
EndProject
Project("{FAE04EC0-301F-11D3-BF4B-00C04F79EFBC}") = "10. Top Number", "..\10. Top Number\10. Top Number.csproj", "{22D94C53-9B82-40D9-8678-ED1C70F08661}"
EndProject
Project("{FAE04EC0-301F-11D3-BF4B-00C04F79EFBC}") = "11. Array Manipulator", "..\11. Array Manipulator\11. Array Manipulator.csproj", "{145B9E81-9FA2-4AE3-8D21-07CB07FCFC3A}"
EndProject
Global
	GlobalSection(SolutionConfigurationPlatforms) = preSolution
		Debug|Any CPU = Debug|Any CPU
		Release|Any CPU = Release|Any CPU
	EndGlobalSection
	GlobalSection(ProjectConfigurationPlatforms) = postSolution
		{A57FE576-DCE0-41A1-B7A0-D112AB423954}.Debug|Any CPU.ActiveCfg = Debug|Any CPU
		{A57FE576-DCE0-41A1-B7A0-D112AB423954}.Debug|Any CPU.Build.0 = Debug|Any CPU
		{A57FE576-DCE0-41A1-B7A0-D112AB423954}.Release|Any CPU.ActiveCfg = Release|Any CPU
		{A57FE576-DCE0-41A1-B7A0-D112AB423954}.Release|Any CPU.Build.0 = Release|Any CPU
		{D1E57EC9-74E8-4BA6-B2F5-98D6160A260A}.Debug|Any CPU.ActiveCfg = Debug|Any CPU
		{D1E57EC9-74E8-4BA6-B2F5-98D6160A260A}.Debug|Any CPU.Build.0 = Debug|Any CPU
		{D1E57EC9-74E8-4BA6-B2F5-98D6160A260A}.Release|Any CPU.ActiveCfg = Release|Any CPU
		{D1E57EC9-74E8-4BA6-B2F5-98D6160A260A}.Release|Any CPU.Build.0 = Release|Any CPU
		{5CA418E8-A5B3-4713-858E-B401DB75FC1E}.Debug|Any CPU.ActiveCfg = Debug|Any CPU
		{5CA418E8-A5B3-4713-858E-B401DB75FC1E}.Debug|Any CPU.Build.0 = Debug|Any CPU
		{5CA418E8-A5B3-4713-858E-B401DB75FC1E}.Release|Any CPU.ActiveCfg = Release|Any CPU
		{5CA418E8-A5B3-4713-858E-B401DB75FC1E}.Release|Any CPU.Build.0 = Release|Any CPU
		{A81A0DF3-5102-4901-8CF1-F78737A53303}.Debug|Any CPU.ActiveCfg = Debug|Any CPU
		{A81A0DF3-5102-4901-8CF1-F78737A53303}.Debug|Any CPU.Build.0 = Debug|Any CPU
		{A81A0DF3-5102-4901-8CF1-F78737A53303}.Release|Any CPU.ActiveCfg = Release|Any CPU
		{A81A0DF3-5102-4901-8CF1-F78737A53303}.Release|Any CPU.Build.0 = Release|Any CPU
		{53333DCA-7A3E-422B-A3F1-39CE5658C16D}.Debug|Any CPU.ActiveCfg = Debug|Any CPU
		{53333DCA-7A3E-422B-A3F1-39CE5658C16D}.Debug|Any CPU.Build.0 = Debug|Any CPU
		{53333DCA-7A3E-422B-A3F1-39CE5658C16D}.Release|Any CPU.ActiveCfg = Release|Any CPU
		{53333DCA-7A3E-422B-A3F1-39CE5658C16D}.Release|Any CPU.Build.0 = Release|Any CPU
		{D196969B-3EFA-4641-A37F-58A3C88599BC}.Debug|Any CPU.ActiveCfg = Debug|Any CPU
		{D196969B-3EFA-4641-A37F-58A3C88599BC}.Debug|Any CPU.Build.0 = Debug|Any CPU
		{D196969B-3EFA-4641-A37F-58A3C88599BC}.Release|Any CPU.ActiveCfg = Release|Any CPU
		{D196969B-3EFA-4641-A37F-58A3C88599BC}.Release|Any CPU.Build.0 = Release|Any CPU
		{2F5EB523-C366-4619-B89F-6AC50DF60C09}.Debug|Any CPU.ActiveCfg = Debug|Any CPU
		{2F5EB523-C366-4619-B89F-6AC50DF60C09}.Debug|Any CPU.Build.0 = Debug|Any CPU
		{2F5EB523-C366-4619-B89F-6AC50DF60C09}.Release|Any CPU.ActiveCfg = Release|Any CPU
		{2F5EB523-C366-4619-B89F-6AC50DF60C09}.Release|Any CPU.Build.0 = Release|Any CPU
		{6EBFBCF6-EA5B-48B6-893D-21BFC3B2935D}.Debug|Any CPU.ActiveCfg = Debug|Any CPU
		{6EBFBCF6-EA5B-48B6-893D-21BFC3B2935D}.Debug|Any CPU.Build.0 = Debug|Any CPU
		{6EBFBCF6-EA5B-48B6-893D-21BFC3B2935D}.Release|Any CPU.ActiveCfg = Release|Any CPU
		{6EBFBCF6-EA5B-48B6-893D-21BFC3B2935D}.Release|Any CPU.Build.0 = Release|Any CPU
		{97C1D2B8-8955-47A2-8F8A-3770EE40A88B}.Debug|Any CPU.ActiveCfg = Debug|Any CPU
		{97C1D2B8-8955-47A2-8F8A-3770EE40A88B}.Debug|Any CPU.Build.0 = Debug|Any CPU
		{97C1D2B8-8955-47A2-8F8A-3770EE40A88B}.Release|Any CPU.ActiveCfg = Release|Any CPU
		{97C1D2B8-8955-47A2-8F8A-3770EE40A88B}.Release|Any CPU.Build.0 = Release|Any CPU
		{22D94C53-9B82-40D9-8678-ED1C70F08661}.Debug|Any CPU.ActiveCfg = Debug|Any CPU
		{22D94C53-9B82-40D9-8678-ED1C70F08661}.Debug|Any CPU.Build.0 = Debug|Any CPU
		{22D94C53-9B82-40D9-8678-ED1C70F08661}.Release|Any CPU.ActiveCfg = Release|Any CPU
		{22D94C53-9B82-40D9-8678-ED1C70F08661}.Release|Any CPU.Build.0 = Release|Any CPU
		{145B9E81-9FA2-4AE3-8D21-07CB07FCFC3A}.Debug|Any CPU.ActiveCfg = Debug|Any CPU
		{145B9E81-9FA2-4AE3-8D21-07CB07FCFC3A}.Debug|Any CPU.Build.0 = Debug|Any CPU
		{145B9E81-9FA2-4AE3-8D21-07CB07FCFC3A}.Release|Any CPU.ActiveCfg = Release|Any CPU
		{145B9E81-9FA2-4AE3-8D21-07CB07FCFC3A}.Release|Any CPU.Build.0 = Release|Any CPU
	EndGlobalSection
	GlobalSection(SolutionProperties) = preSolution
		HideSolutionNode = FALSE
	EndGlobalSection
	GlobalSection(ExtensibilityGlobals) = postSolution
		SolutionGuid = {1161BE72-BD20-4984-8B74-D8140E9F52AA}
	EndGlobalSection
EndGlobal
