
Microsoft Visual Studio Solution File, Format Version 12.00
# Visual Studio Version 17
VisualStudioVersion = 17.4.33110.190
MinimumVisualStudioVersion = 10.0.40219.1
Project("{FAE04EC0-301F-11D3-BF4B-00C04F79EFBC}") = "Logger", "Logger.csproj", "{9B254FDB-1984-4FD2-94B9-9838686CE497}"
EndProject
Global
	GlobalSection(SolutionConfigurationPlatforms) = preSolution
		Debug|Any CPU = Debug|Any CPU
		Release|Any CPU = Release|Any CPU
	EndGlobalSection
	GlobalSection(ProjectConfigurationPlatforms) = postSolution
		{9B254FDB-1984-4FD2-94B9-9838686CE497}.Debug|Any CPU.ActiveCfg = Debug|Any CPU
		{9B254FDB-1984-4FD2-94B9-9838686CE497}.Debug|Any CPU.Build.0 = Debug|Any CPU
		{9B254FDB-1984-4FD2-94B9-9838686CE497}.Release|Any CPU.ActiveCfg = Release|Any CPU
		{9B254FDB-1984-4FD2-94B9-9838686CE497}.Release|Any CPU.Build.0 = Release|Any CPU
	EndGlobalSection
	GlobalSection(SolutionProperties) = preSolution
		HideSolutionNode = FALSE
	EndGlobalSection
	GlobalSection(ExtensibilityGlobals) = postSolution
		SolutionGuid = {77727B40-925C-4C2D-A657-E1B7EC9A679F}
	EndGlobalSection
EndGlobal
