
Microsoft Visual Studio Solution File, Format Version 12.00
# Visual Studio Version 17
VisualStudioVersion = 17.4.33110.190
MinimumVisualStudioVersion = 10.0.40219.1
Project("{9A19103F-16F7-4668-BE54-9A1E7A4F7556}") = "Lists.01.Train", "..\Lists.01.Train\Lists.01.Train.csproj", "{DD36357F-B646-49BB-BE4D-A9E84D1FF1D8}"
EndProject
Project("{9A19103F-16F7-4668-BE54-9A1E7A4F7556}") = "Lists.02.Change List", "..\Lists.02.Change List\Lists.02.Change List.csproj", "{F4924277-61D2-4FD4-96D3-E696BAB84AB8}"
EndProject
Project("{9A19103F-16F7-4668-BE54-9A1E7A4F7556}") = "Lists.03.House Party", "..\Lists.03.House Party\Lists.03.House Party.csproj", "{878ACFF2-AFB8-4D9D-A6D1-AC89A5B279C5}"
EndProject
Project("{9A19103F-16F7-4668-BE54-9A1E7A4F7556}") = "Lists.04.List Operations", "..\Lists.04.List Operations\Lists.04.List Operations.csproj", "{D3CD1EF0-83C0-4064-AEB6-FAAC91FCB4BD}"
EndProject
Project("{9A19103F-16F7-4668-BE54-9A1E7A4F7556}") = "Lists.05.Bomb Numbers", "..\Lists.05.Bomb Numbers\Lists.05.Bomb Numbers.csproj", "{5EB9CC87-15AA-4FA6-AE05-83896C0554DB}"
EndProject
Project("{9A19103F-16F7-4668-BE54-9A1E7A4F7556}") = "Lists.06.Cards Game", "..\Lists.06.Cards Game\Lists.06.Cards Game.csproj", "{0F4C8587-D1BD-46B6-A663-EF5BA7C65D76}"
EndProject
Project("{9A19103F-16F7-4668-BE54-9A1E7A4F7556}") = "Lists.07.Append Arrays", "..\Lists.07.Append Arrays\Lists.07.Append Arrays.csproj", "{CD4D5810-ADAE-4379-89A6-57C9ADBE7DE9}"
EndProject
Project("{9A19103F-16F7-4668-BE54-9A1E7A4F7556}") = "Lists.08.Anonymous Threat", "..\Lists.08.Anonymous Threat\Lists.08.Anonymous Threat.csproj", "{446969F7-3ED9-4D16-94AA-BDCCBB73D37D}"
EndProject
Project("{9A19103F-16F7-4668-BE54-9A1E7A4F7556}") = "Lists.09.Pokemon Don't Go", "..\Lists.09.Pokemon Don't Go\Lists.09.Pokemon Don't Go.csproj", "{A1BD6FC0-C9AB-4D64-A8FE-E1445D300515}"
EndProject
Project("{9A19103F-16F7-4668-BE54-9A1E7A4F7556}") = "Lists.10.SoftUni Course Planning", "..\Lists.10.SoftUni Course Planning\Lists.10.SoftUni Course Planning.csproj", "{2D84F445-F5F8-4C08-A537-E573B9BF66D4}"
EndProject
Project("{FAE04EC0-301F-11D3-BF4B-00C04F79EFBC}") = "Lists.11.Messaging", "Lists.11.Messaging\Lists.11.Messaging.csproj", "{D98ECCE9-EA79-4068-8636-93D654F0B561}"
EndProject
Project("{FAE04EC0-301F-11D3-BF4B-00C04F79EFBC}") = "Lists.12.Car Race", "Lists.12.Car Race\Lists.12.Car Race.csproj", "{242C1CB3-F770-42B8-ACDE-5BDF4C5371BD}"
EndProject
Project("{FAE04EC0-301F-11D3-BF4B-00C04F79EFBC}") = "Lists.13.Take_Skip Rope", "Lists.13.Take_Skip Rope\Lists.13.Take_Skip Rope.csproj", "{7E78C853-31C1-4126-8D11-B149F15DB887}"
EndProject
Project("{FAE04EC0-301F-11D3-BF4B-00C04F79EFBC}") = "Lists.14.MixedupLists", "Lists.14.MixedupLists\Lists.14.MixedupLists.csproj", "{3973F3E7-E217-4753-AA12-7A613EE546A6}"
EndProject
Project("{FAE04EC0-301F-11D3-BF4B-00C04F79EFBC}") = "Lists.15.Drum Set", "Lists.15.Drum Set\Lists.15.Drum Set.csproj", "{D7912D5A-6131-41ED-9BC2-3AD87D2EA9E5}"
EndProject
Global
	GlobalSection(SolutionConfigurationPlatforms) = preSolution
		Debug|Any CPU = Debug|Any CPU
		Release|Any CPU = Release|Any CPU
	EndGlobalSection
	GlobalSection(ProjectConfigurationPlatforms) = postSolution
		{DD36357F-B646-49BB-BE4D-A9E84D1FF1D8}.Debug|Any CPU.ActiveCfg = Debug|Any CPU
		{DD36357F-B646-49BB-BE4D-A9E84D1FF1D8}.Debug|Any CPU.Build.0 = Debug|Any CPU
		{DD36357F-B646-49BB-BE4D-A9E84D1FF1D8}.Release|Any CPU.ActiveCfg = Release|Any CPU
		{DD36357F-B646-49BB-BE4D-A9E84D1FF1D8}.Release|Any CPU.Build.0 = Release|Any CPU
		{F4924277-61D2-4FD4-96D3-E696BAB84AB8}.Debug|Any CPU.ActiveCfg = Debug|Any CPU
		{F4924277-61D2-4FD4-96D3-E696BAB84AB8}.Debug|Any CPU.Build.0 = Debug|Any CPU
		{F4924277-61D2-4FD4-96D3-E696BAB84AB8}.Release|Any CPU.ActiveCfg = Release|Any CPU
		{F4924277-61D2-4FD4-96D3-E696BAB84AB8}.Release|Any CPU.Build.0 = Release|Any CPU
		{878ACFF2-AFB8-4D9D-A6D1-AC89A5B279C5}.Debug|Any CPU.ActiveCfg = Debug|Any CPU
		{878ACFF2-AFB8-4D9D-A6D1-AC89A5B279C5}.Debug|Any CPU.Build.0 = Debug|Any CPU
		{878ACFF2-AFB8-4D9D-A6D1-AC89A5B279C5}.Release|Any CPU.ActiveCfg = Release|Any CPU
		{878ACFF2-AFB8-4D9D-A6D1-AC89A5B279C5}.Release|Any CPU.Build.0 = Release|Any CPU
		{D3CD1EF0-83C0-4064-AEB6-FAAC91FCB4BD}.Debug|Any CPU.ActiveCfg = Debug|Any CPU
		{D3CD1EF0-83C0-4064-AEB6-FAAC91FCB4BD}.Debug|Any CPU.Build.0 = Debug|Any CPU
		{D3CD1EF0-83C0-4064-AEB6-FAAC91FCB4BD}.Release|Any CPU.ActiveCfg = Release|Any CPU
		{D3CD1EF0-83C0-4064-AEB6-FAAC91FCB4BD}.Release|Any CPU.Build.0 = Release|Any CPU
		{5EB9CC87-15AA-4FA6-AE05-83896C0554DB}.Debug|Any CPU.ActiveCfg = Debug|Any CPU
		{5EB9CC87-15AA-4FA6-AE05-83896C0554DB}.Debug|Any CPU.Build.0 = Debug|Any CPU
		{5EB9CC87-15AA-4FA6-AE05-83896C0554DB}.Release|Any CPU.ActiveCfg = Release|Any CPU
		{5EB9CC87-15AA-4FA6-AE05-83896C0554DB}.Release|Any CPU.Build.0 = Release|Any CPU
		{0F4C8587-D1BD-46B6-A663-EF5BA7C65D76}.Debug|Any CPU.ActiveCfg = Debug|Any CPU
		{0F4C8587-D1BD-46B6-A663-EF5BA7C65D76}.Debug|Any CPU.Build.0 = Debug|Any CPU
		{0F4C8587-D1BD-46B6-A663-EF5BA7C65D76}.Release|Any CPU.ActiveCfg = Release|Any CPU
		{0F4C8587-D1BD-46B6-A663-EF5BA7C65D76}.Release|Any CPU.Build.0 = Release|Any CPU
		{CD4D5810-ADAE-4379-89A6-57C9ADBE7DE9}.Debug|Any CPU.ActiveCfg = Debug|Any CPU
		{CD4D5810-ADAE-4379-89A6-57C9ADBE7DE9}.Debug|Any CPU.Build.0 = Debug|Any CPU
		{CD4D5810-ADAE-4379-89A6-57C9ADBE7DE9}.Release|Any CPU.ActiveCfg = Release|Any CPU
		{CD4D5810-ADAE-4379-89A6-57C9ADBE7DE9}.Release|Any CPU.Build.0 = Release|Any CPU
		{446969F7-3ED9-4D16-94AA-BDCCBB73D37D}.Debug|Any CPU.ActiveCfg = Debug|Any CPU
		{446969F7-3ED9-4D16-94AA-BDCCBB73D37D}.Debug|Any CPU.Build.0 = Debug|Any CPU
		{446969F7-3ED9-4D16-94AA-BDCCBB73D37D}.Release|Any CPU.ActiveCfg = Release|Any CPU
		{446969F7-3ED9-4D16-94AA-BDCCBB73D37D}.Release|Any CPU.Build.0 = Release|Any CPU
		{A1BD6FC0-C9AB-4D64-A8FE-E1445D300515}.Debug|Any CPU.ActiveCfg = Debug|Any CPU
		{A1BD6FC0-C9AB-4D64-A8FE-E1445D300515}.Debug|Any CPU.Build.0 = Debug|Any CPU
		{A1BD6FC0-C9AB-4D64-A8FE-E1445D300515}.Release|Any CPU.ActiveCfg = Release|Any CPU
		{A1BD6FC0-C9AB-4D64-A8FE-E1445D300515}.Release|Any CPU.Build.0 = Release|Any CPU
		{2D84F445-F5F8-4C08-A537-E573B9BF66D4}.Debug|Any CPU.ActiveCfg = Debug|Any CPU
		{2D84F445-F5F8-4C08-A537-E573B9BF66D4}.Debug|Any CPU.Build.0 = Debug|Any CPU
		{2D84F445-F5F8-4C08-A537-E573B9BF66D4}.Release|Any CPU.ActiveCfg = Release|Any CPU
		{2D84F445-F5F8-4C08-A537-E573B9BF66D4}.Release|Any CPU.Build.0 = Release|Any CPU
		{D98ECCE9-EA79-4068-8636-93D654F0B561}.Debug|Any CPU.ActiveCfg = Debug|Any CPU
		{D98ECCE9-EA79-4068-8636-93D654F0B561}.Debug|Any CPU.Build.0 = Debug|Any CPU
		{D98ECCE9-EA79-4068-8636-93D654F0B561}.Release|Any CPU.ActiveCfg = Release|Any CPU
		{D98ECCE9-EA79-4068-8636-93D654F0B561}.Release|Any CPU.Build.0 = Release|Any CPU
		{242C1CB3-F770-42B8-ACDE-5BDF4C5371BD}.Debug|Any CPU.ActiveCfg = Debug|Any CPU
		{242C1CB3-F770-42B8-ACDE-5BDF4C5371BD}.Debug|Any CPU.Build.0 = Debug|Any CPU
		{242C1CB3-F770-42B8-ACDE-5BDF4C5371BD}.Release|Any CPU.ActiveCfg = Release|Any CPU
		{242C1CB3-F770-42B8-ACDE-5BDF4C5371BD}.Release|Any CPU.Build.0 = Release|Any CPU
		{7E78C853-31C1-4126-8D11-B149F15DB887}.Debug|Any CPU.ActiveCfg = Debug|Any CPU
		{7E78C853-31C1-4126-8D11-B149F15DB887}.Debug|Any CPU.Build.0 = Debug|Any CPU
		{7E78C853-31C1-4126-8D11-B149F15DB887}.Release|Any CPU.ActiveCfg = Release|Any CPU
		{7E78C853-31C1-4126-8D11-B149F15DB887}.Release|Any CPU.Build.0 = Release|Any CPU
		{3973F3E7-E217-4753-AA12-7A613EE546A6}.Debug|Any CPU.ActiveCfg = Debug|Any CPU
		{3973F3E7-E217-4753-AA12-7A613EE546A6}.Debug|Any CPU.Build.0 = Debug|Any CPU
		{3973F3E7-E217-4753-AA12-7A613EE546A6}.Release|Any CPU.ActiveCfg = Release|Any CPU
		{3973F3E7-E217-4753-AA12-7A613EE546A6}.Release|Any CPU.Build.0 = Release|Any CPU
		{D7912D5A-6131-41ED-9BC2-3AD87D2EA9E5}.Debug|Any CPU.ActiveCfg = Debug|Any CPU
		{D7912D5A-6131-41ED-9BC2-3AD87D2EA9E5}.Debug|Any CPU.Build.0 = Debug|Any CPU
		{D7912D5A-6131-41ED-9BC2-3AD87D2EA9E5}.Release|Any CPU.ActiveCfg = Release|Any CPU
		{D7912D5A-6131-41ED-9BC2-3AD87D2EA9E5}.Release|Any CPU.Build.0 = Release|Any CPU
	EndGlobalSection
	GlobalSection(SolutionProperties) = preSolution
		HideSolutionNode = FALSE
	EndGlobalSection
	GlobalSection(ExtensibilityGlobals) = postSolution
		SolutionGuid = {CA80A1E2-6774-44B0-8F52-4CCAFFE342AB}
	EndGlobalSection
EndGlobal
