
Microsoft Visual Studio Solution File, Format Version 12.00
# Visual Studio Version 17
VisualStudioVersion = 17.4.33110.190
MinimumVisualStudioVersion = 10.0.40219.1
Project("{9A19103F-16F7-4668-BE54-9A1E7A4F7556}") = "ConsoleApp1", "ConsoleApp1\ConsoleApp1.csproj", "{72A0CAED-01CD-4FCF-90E8-4F6F56BF9203}"
EndProject
Global
	GlobalSection(SolutionConfigurationPlatforms) = preSolution
		Debug|Any CPU = Debug|Any CPU
		Release|Any CPU = Release|Any CPU
	EndGlobalSection
	GlobalSection(ProjectConfigurationPlatforms) = postSolution
		{72A0CAED-01CD-4FCF-90E8-4F6F56BF9203}.Debug|Any CPU.ActiveCfg = Debug|Any CPU
		{72A0CAED-01CD-4FCF-90E8-4F6F56BF9203}.Debug|Any CPU.Build.0 = Debug|Any CPU
		{72A0CAED-01CD-4FCF-90E8-4F6F56BF9203}.Release|Any CPU.ActiveCfg = Release|Any CPU
		{72A0CAED-01CD-4FCF-90E8-4F6F56BF9203}.Release|Any CPU.Build.0 = Release|Any CPU
	EndGlobalSection
	GlobalSection(SolutionProperties) = preSolution
		HideSolutionNode = FALSE
	EndGlobalSection
	GlobalSection(ExtensibilityGlobals) = postSolution
		SolutionGuid = {F8FD78E8-E85C-4B5D-A550-0F97F51B5396}
	EndGlobalSection
EndGlobal
