
Microsoft Visual Studio Solution File, Format Version 12.00
# Visual Studio Version 17
VisualStudioVersion = 17.4.33110.190
MinimumVisualStudioVersion = 10.0.40219.1
Project("{FAE04EC0-301F-11D3-BF4B-00C04F79EFBC}") = "01. Action Point", "..\01. Action Point\01. Action Point.csproj", "{3B9CA5ED-6673-4533-9116-C82DAA94E700}"
EndProject
Project("{FAE04EC0-301F-11D3-BF4B-00C04F79EFBC}") = "02. Knights of Honor", "..\02. Knights of Honor\02. Knights of Honor.csproj", "{93C9F123-B354-4E3C-B3CF-FB01574F41DE}"
EndProject
Project("{FAE04EC0-301F-11D3-BF4B-00C04F79EFBC}") = "03. Custom Min Function", "..\03. Custom Min Function\03. Custom Min Function.csproj", "{92861D4E-293F-4A08-B9DF-FBF26164F863}"
EndProject
Project("{FAE04EC0-301F-11D3-BF4B-00C04F79EFBC}") = "04. Find Evens or Odds", "..\04. Find Evens or Odds\04. Find Evens or Odds.csproj", "{629E63BE-6536-4A65-9D6E-70771917002A}"
EndProject
Project("{FAE04EC0-301F-11D3-BF4B-00C04F79EFBC}") = "05. Applied Arithmetics", "..\05. Applied Arithmetics\05. Applied Arithmetics.csproj", "{42DEE2E9-B906-4C00-975C-90668F8DB10E}"
EndProject
Project("{FAE04EC0-301F-11D3-BF4B-00C04F79EFBC}") = "06. Reverse and Exclude", "..\06. Reverse and Exclude\06. Reverse and Exclude.csproj", "{537BEA33-528A-4A6E-9A9D-60166DFBD07E}"
EndProject
Project("{FAE04EC0-301F-11D3-BF4B-00C04F79EFBC}") = "07. Predicate for Names", "..\07. Predicate for Names\07. Predicate for Names.csproj", "{7E118BCB-B931-4EF5-9E28-FC7D66F3C977}"
EndProject
Project("{FAE04EC0-301F-11D3-BF4B-00C04F79EFBC}") = "08. List of Predicates", "..\08. List of Predicates\08. List of Predicates.csproj", "{F44E8BA6-9782-480F-847E-2DD58FF9F3D8}"
EndProject
Project("{FAE04EC0-301F-11D3-BF4B-00C04F79EFBC}") = "09. Predicate party!", "..\09. Predicate party!\09. Predicate party!.csproj", "{B83650C6-62EF-49D8-ACAA-3311A67A7FC6}"
EndProject
Project("{FAE04EC0-301F-11D3-BF4B-00C04F79EFBC}") = "10. Party Reservation Filter Module", "..\10. Party Reservation Filter Module\10. Party Reservation Filter Module.csproj", "{C54086B7-8357-4FFF-B124-9C6EC65E13FD}"
EndProject
Project("{FAE04EC0-301F-11D3-BF4B-00C04F79EFBC}") = "11. Trifunction", "..\11. Trifunction\11. Trifunction.csproj", "{5A34D58B-179C-43D3-952D-3C0F04964131}"
EndProject
Global
	GlobalSection(SolutionConfigurationPlatforms) = preSolution
		Debug|Any CPU = Debug|Any CPU
		Release|Any CPU = Release|Any CPU
	EndGlobalSection
	GlobalSection(ProjectConfigurationPlatforms) = postSolution
		{3B9CA5ED-6673-4533-9116-C82DAA94E700}.Debug|Any CPU.ActiveCfg = Debug|Any CPU
		{3B9CA5ED-6673-4533-9116-C82DAA94E700}.Debug|Any CPU.Build.0 = Debug|Any CPU
		{3B9CA5ED-6673-4533-9116-C82DAA94E700}.Release|Any CPU.ActiveCfg = Release|Any CPU
		{3B9CA5ED-6673-4533-9116-C82DAA94E700}.Release|Any CPU.Build.0 = Release|Any CPU
		{93C9F123-B354-4E3C-B3CF-FB01574F41DE}.Debug|Any CPU.ActiveCfg = Debug|Any CPU
		{93C9F123-B354-4E3C-B3CF-FB01574F41DE}.Debug|Any CPU.Build.0 = Debug|Any CPU
		{93C9F123-B354-4E3C-B3CF-FB01574F41DE}.Release|Any CPU.ActiveCfg = Release|Any CPU
		{93C9F123-B354-4E3C-B3CF-FB01574F41DE}.Release|Any CPU.Build.0 = Release|Any CPU
		{92861D4E-293F-4A08-B9DF-FBF26164F863}.Debug|Any CPU.ActiveCfg = Debug|Any CPU
		{92861D4E-293F-4A08-B9DF-FBF26164F863}.Debug|Any CPU.Build.0 = Debug|Any CPU
		{92861D4E-293F-4A08-B9DF-FBF26164F863}.Release|Any CPU.ActiveCfg = Release|Any CPU
		{92861D4E-293F-4A08-B9DF-FBF26164F863}.Release|Any CPU.Build.0 = Release|Any CPU
		{629E63BE-6536-4A65-9D6E-70771917002A}.Debug|Any CPU.ActiveCfg = Debug|Any CPU
		{629E63BE-6536-4A65-9D6E-70771917002A}.Debug|Any CPU.Build.0 = Debug|Any CPU
		{629E63BE-6536-4A65-9D6E-70771917002A}.Release|Any CPU.ActiveCfg = Release|Any CPU
		{629E63BE-6536-4A65-9D6E-70771917002A}.Release|Any CPU.Build.0 = Release|Any CPU
		{42DEE2E9-B906-4C00-975C-90668F8DB10E}.Debug|Any CPU.ActiveCfg = Debug|Any CPU
		{42DEE2E9-B906-4C00-975C-90668F8DB10E}.Debug|Any CPU.Build.0 = Debug|Any CPU
		{42DEE2E9-B906-4C00-975C-90668F8DB10E}.Release|Any CPU.ActiveCfg = Release|Any CPU
		{42DEE2E9-B906-4C00-975C-90668F8DB10E}.Release|Any CPU.Build.0 = Release|Any CPU
		{537BEA33-528A-4A6E-9A9D-60166DFBD07E}.Debug|Any CPU.ActiveCfg = Debug|Any CPU
		{537BEA33-528A-4A6E-9A9D-60166DFBD07E}.Debug|Any CPU.Build.0 = Debug|Any CPU
		{537BEA33-528A-4A6E-9A9D-60166DFBD07E}.Release|Any CPU.ActiveCfg = Release|Any CPU
		{537BEA33-528A-4A6E-9A9D-60166DFBD07E}.Release|Any CPU.Build.0 = Release|Any CPU
		{7E118BCB-B931-4EF5-9E28-FC7D66F3C977}.Debug|Any CPU.ActiveCfg = Debug|Any CPU
		{7E118BCB-B931-4EF5-9E28-FC7D66F3C977}.Debug|Any CPU.Build.0 = Debug|Any CPU
		{7E118BCB-B931-4EF5-9E28-FC7D66F3C977}.Release|Any CPU.ActiveCfg = Release|Any CPU
		{7E118BCB-B931-4EF5-9E28-FC7D66F3C977}.Release|Any CPU.Build.0 = Release|Any CPU
		{F44E8BA6-9782-480F-847E-2DD58FF9F3D8}.Debug|Any CPU.ActiveCfg = Debug|Any CPU
		{F44E8BA6-9782-480F-847E-2DD58FF9F3D8}.Debug|Any CPU.Build.0 = Debug|Any CPU
		{F44E8BA6-9782-480F-847E-2DD58FF9F3D8}.Release|Any CPU.ActiveCfg = Release|Any CPU
		{F44E8BA6-9782-480F-847E-2DD58FF9F3D8}.Release|Any CPU.Build.0 = Release|Any CPU
		{B83650C6-62EF-49D8-ACAA-3311A67A7FC6}.Debug|Any CPU.ActiveCfg = Debug|Any CPU
		{B83650C6-62EF-49D8-ACAA-3311A67A7FC6}.Debug|Any CPU.Build.0 = Debug|Any CPU
		{B83650C6-62EF-49D8-ACAA-3311A67A7FC6}.Release|Any CPU.ActiveCfg = Release|Any CPU
		{B83650C6-62EF-49D8-ACAA-3311A67A7FC6}.Release|Any CPU.Build.0 = Release|Any CPU
		{C54086B7-8357-4FFF-B124-9C6EC65E13FD}.Debug|Any CPU.ActiveCfg = Debug|Any CPU
		{C54086B7-8357-4FFF-B124-9C6EC65E13FD}.Debug|Any CPU.Build.0 = Debug|Any CPU
		{C54086B7-8357-4FFF-B124-9C6EC65E13FD}.Release|Any CPU.ActiveCfg = Release|Any CPU
		{C54086B7-8357-4FFF-B124-9C6EC65E13FD}.Release|Any CPU.Build.0 = Release|Any CPU
		{5A34D58B-179C-43D3-952D-3C0F04964131}.Debug|Any CPU.ActiveCfg = Debug|Any CPU
		{5A34D58B-179C-43D3-952D-3C0F04964131}.Debug|Any CPU.Build.0 = Debug|Any CPU
		{5A34D58B-179C-43D3-952D-3C0F04964131}.Release|Any CPU.ActiveCfg = Release|Any CPU
		{5A34D58B-179C-43D3-952D-3C0F04964131}.Release|Any CPU.Build.0 = Release|Any CPU
	EndGlobalSection
	GlobalSection(SolutionProperties) = preSolution
		HideSolutionNode = FALSE
	EndGlobalSection
	GlobalSection(ExtensibilityGlobals) = postSolution
		SolutionGuid = {704CEE94-60E4-448B-8028-DED10837D99F}
	EndGlobalSection
EndGlobal
