
Microsoft Visual Studio Solution File, Format Version 12.00
# Visual Studio Version 17
VisualStudioVersion = 17.4.33110.190
MinimumVisualStudioVersion = 10.0.40219.1
Project("{9A19103F-16F7-4668-BE54-9A1E7A4F7556}") = "DefiningClasses", "DefiningClasses.csproj", "{6D14F6BE-486A-467D-870D-B5658F340D75}"
EndProject
Project("{FAE04EC0-301F-11D3-BF4B-00C04F79EFBC}") = "OpinionPoll", "..\OpinionPoll\OpinionPoll.csproj", "{A8748BA9-974A-4E38-87B6-DD80A5A8F95A}"
EndProject
Project("{FAE04EC0-301F-11D3-BF4B-00C04F79EFBC}") = "SpeedRacing", "..\SpeedRacing\SpeedRacing.csproj", "{AC393794-9C09-4E8A-A62D-13BAE0B9F55E}"
EndProject
Project("{FAE04EC0-301F-11D3-BF4B-00C04F79EFBC}") = "RawData", "..\RawData\RawData.csproj", "{395048A5-0B2D-468D-8D15-AD2863257853}"
EndProject
Project("{FAE04EC0-301F-11D3-BF4B-00C04F79EFBC}") = "CarSalesman", "..\CarSalesman\CarSalesman.csproj", "{59DF4611-7BFB-4FE9-89DA-B6374667142B}"
EndProject
Global
	GlobalSection(SolutionConfigurationPlatforms) = preSolution
		Debug|Any CPU = Debug|Any CPU
		Release|Any CPU = Release|Any CPU
	EndGlobalSection
	GlobalSection(ProjectConfigurationPlatforms) = postSolution
		{6D14F6BE-486A-467D-870D-B5658F340D75}.Debug|Any CPU.ActiveCfg = Debug|Any CPU
		{6D14F6BE-486A-467D-870D-B5658F340D75}.Debug|Any CPU.Build.0 = Debug|Any CPU
		{6D14F6BE-486A-467D-870D-B5658F340D75}.Release|Any CPU.ActiveCfg = Release|Any CPU
		{6D14F6BE-486A-467D-870D-B5658F340D75}.Release|Any CPU.Build.0 = Release|Any CPU
		{A8748BA9-974A-4E38-87B6-DD80A5A8F95A}.Debug|Any CPU.ActiveCfg = Debug|Any CPU
		{A8748BA9-974A-4E38-87B6-DD80A5A8F95A}.Debug|Any CPU.Build.0 = Debug|Any CPU
		{A8748BA9-974A-4E38-87B6-DD80A5A8F95A}.Release|Any CPU.ActiveCfg = Release|Any CPU
		{A8748BA9-974A-4E38-87B6-DD80A5A8F95A}.Release|Any CPU.Build.0 = Release|Any CPU
		{AC393794-9C09-4E8A-A62D-13BAE0B9F55E}.Debug|Any CPU.ActiveCfg = Debug|Any CPU
		{AC393794-9C09-4E8A-A62D-13BAE0B9F55E}.Debug|Any CPU.Build.0 = Debug|Any CPU
		{AC393794-9C09-4E8A-A62D-13BAE0B9F55E}.Release|Any CPU.ActiveCfg = Release|Any CPU
		{AC393794-9C09-4E8A-A62D-13BAE0B9F55E}.Release|Any CPU.Build.0 = Release|Any CPU
		{395048A5-0B2D-468D-8D15-AD2863257853}.Debug|Any CPU.ActiveCfg = Debug|Any CPU
		{395048A5-0B2D-468D-8D15-AD2863257853}.Debug|Any CPU.Build.0 = Debug|Any CPU
		{395048A5-0B2D-468D-8D15-AD2863257853}.Release|Any CPU.ActiveCfg = Release|Any CPU
		{395048A5-0B2D-468D-8D15-AD2863257853}.Release|Any CPU.Build.0 = Release|Any CPU
		{59DF4611-7BFB-4FE9-89DA-B6374667142B}.Debug|Any CPU.ActiveCfg = Debug|Any CPU
		{59DF4611-7BFB-4FE9-89DA-B6374667142B}.Debug|Any CPU.Build.0 = Debug|Any CPU
		{59DF4611-7BFB-4FE9-89DA-B6374667142B}.Release|Any CPU.ActiveCfg = Release|Any CPU
		{59DF4611-7BFB-4FE9-89DA-B6374667142B}.Release|Any CPU.Build.0 = Release|Any CPU
	EndGlobalSection
	GlobalSection(SolutionProperties) = preSolution
		HideSolutionNode = FALSE
	EndGlobalSection
	GlobalSection(ExtensibilityGlobals) = postSolution
		SolutionGuid = {0CCBA2C5-9A12-4FDE-9A04-2DD23FC9AA91}
	EndGlobalSection
EndGlobal
