
Microsoft Visual Studio Solution File, Format Version 12.00
# Visual Studio Version 17
VisualStudioVersion = 17.4.33110.190
MinimumVisualStudioVersion = 10.0.40219.1
Project("{FAE04EC0-301F-11D3-BF4B-00C04F79EFBC}") = "01.Ages", "..\01.Ages\01.Ages.csproj", "{74799432-A3DE-4DFE-ADD8-DE288F5B3977}"
EndProject
Project("{FAE04EC0-301F-11D3-BF4B-00C04F79EFBC}") = "02. Division", "..\02. Division\02. Division.csproj", "{2C8B5B69-001F-45BC-A7EA-84085616F046}"
EndProject
Project("{FAE04EC0-301F-11D3-BF4B-00C04F79EFBC}") = "03.Vacation", "..\03.Vacation\03.Vacation.csproj", "{7CA11CD0-A791-47D5-A800-9B70980AB0C3}"
EndProject
Project("{FAE04EC0-301F-11D3-BF4B-00C04F79EFBC}") = "04. Print and sum", "..\04. Print and sum\04. Print and sum.csproj", "{D9338EA8-2297-47AB-8EB2-741094C35CA3}"
EndProject
Project("{FAE04EC0-301F-11D3-BF4B-00C04F79EFBC}") = "05. Login", "..\05. Login\05. Login.csproj", "{5509AC9B-30FA-4C0B-95B7-6063C9475869}"
EndProject
Project("{FAE04EC0-301F-11D3-BF4B-00C04F79EFBC}") = "06. Strong Number", "..\06. Strong Number\06. Strong Number.csproj", "{155BBD9E-4F1C-4B68-92F8-2747AF63A3F4}"
EndProject
Project("{FAE04EC0-301F-11D3-BF4B-00C04F79EFBC}") = "07. Vending Machine", "..\07. Vending Machine\07. Vending Machine.csproj", "{A0D0F402-582A-439E-9005-0FFAA8C3F9E2}"
EndProject
Project("{FAE04EC0-301F-11D3-BF4B-00C04F79EFBC}") = "08. Triangle of Numbers", "..\08. Triangle of Numbers\08. Triangle of Numbers.csproj", "{52302C97-84C4-44BA-88F4-2C1BC38EAFA2}"
EndProject
Project("{FAE04EC0-301F-11D3-BF4B-00C04F79EFBC}") = "09. Padawan Equipment", "..\09. Padawan Equipment\09. Padawan Equipment.csproj", "{0F0B1705-7BA1-463E-A917-7EEDA3AE0702}"
EndProject
Project("{FAE04EC0-301F-11D3-BF4B-00C04F79EFBC}") = "10. Rage Expenses", "..\10. Rage Expenses\10. Rage Expenses.csproj", "{119E2790-9752-4EDC-B190-6BEEA11222AB}"
EndProject
Project("{FAE04EC0-301F-11D3-BF4B-00C04F79EFBC}") = "11. Orders", "..\11. Orders\11. Orders.csproj", "{ABBF65F3-CDFB-4EEF-A131-D424F31F51FE}"
EndProject
Global
	GlobalSection(SolutionConfigurationPlatforms) = preSolution
		Debug|Any CPU = Debug|Any CPU
		Release|Any CPU = Release|Any CPU
	EndGlobalSection
	GlobalSection(ProjectConfigurationPlatforms) = postSolution
		{74799432-A3DE-4DFE-ADD8-DE288F5B3977}.Debug|Any CPU.ActiveCfg = Debug|Any CPU
		{74799432-A3DE-4DFE-ADD8-DE288F5B3977}.Debug|Any CPU.Build.0 = Debug|Any CPU
		{74799432-A3DE-4DFE-ADD8-DE288F5B3977}.Release|Any CPU.ActiveCfg = Release|Any CPU
		{74799432-A3DE-4DFE-ADD8-DE288F5B3977}.Release|Any CPU.Build.0 = Release|Any CPU
		{2C8B5B69-001F-45BC-A7EA-84085616F046}.Debug|Any CPU.ActiveCfg = Debug|Any CPU
		{2C8B5B69-001F-45BC-A7EA-84085616F046}.Debug|Any CPU.Build.0 = Debug|Any CPU
		{2C8B5B69-001F-45BC-A7EA-84085616F046}.Release|Any CPU.ActiveCfg = Release|Any CPU
		{2C8B5B69-001F-45BC-A7EA-84085616F046}.Release|Any CPU.Build.0 = Release|Any CPU
		{7CA11CD0-A791-47D5-A800-9B70980AB0C3}.Debug|Any CPU.ActiveCfg = Debug|Any CPU
		{7CA11CD0-A791-47D5-A800-9B70980AB0C3}.Debug|Any CPU.Build.0 = Debug|Any CPU
		{7CA11CD0-A791-47D5-A800-9B70980AB0C3}.Release|Any CPU.ActiveCfg = Release|Any CPU
		{7CA11CD0-A791-47D5-A800-9B70980AB0C3}.Release|Any CPU.Build.0 = Release|Any CPU
		{D9338EA8-2297-47AB-8EB2-741094C35CA3}.Debug|Any CPU.ActiveCfg = Debug|Any CPU
		{D9338EA8-2297-47AB-8EB2-741094C35CA3}.Debug|Any CPU.Build.0 = Debug|Any CPU
		{D9338EA8-2297-47AB-8EB2-741094C35CA3}.Release|Any CPU.ActiveCfg = Release|Any CPU
		{D9338EA8-2297-47AB-8EB2-741094C35CA3}.Release|Any CPU.Build.0 = Release|Any CPU
		{5509AC9B-30FA-4C0B-95B7-6063C9475869}.Debug|Any CPU.ActiveCfg = Debug|Any CPU
		{5509AC9B-30FA-4C0B-95B7-6063C9475869}.Debug|Any CPU.Build.0 = Debug|Any CPU
		{5509AC9B-30FA-4C0B-95B7-6063C9475869}.Release|Any CPU.ActiveCfg = Release|Any CPU
		{5509AC9B-30FA-4C0B-95B7-6063C9475869}.Release|Any CPU.Build.0 = Release|Any CPU
		{155BBD9E-4F1C-4B68-92F8-2747AF63A3F4}.Debug|Any CPU.ActiveCfg = Debug|Any CPU
		{155BBD9E-4F1C-4B68-92F8-2747AF63A3F4}.Debug|Any CPU.Build.0 = Debug|Any CPU
		{155BBD9E-4F1C-4B68-92F8-2747AF63A3F4}.Release|Any CPU.ActiveCfg = Release|Any CPU
		{155BBD9E-4F1C-4B68-92F8-2747AF63A3F4}.Release|Any CPU.Build.0 = Release|Any CPU
		{A0D0F402-582A-439E-9005-0FFAA8C3F9E2}.Debug|Any CPU.ActiveCfg = Debug|Any CPU
		{A0D0F402-582A-439E-9005-0FFAA8C3F9E2}.Debug|Any CPU.Build.0 = Debug|Any CPU
		{A0D0F402-582A-439E-9005-0FFAA8C3F9E2}.Release|Any CPU.ActiveCfg = Release|Any CPU
		{A0D0F402-582A-439E-9005-0FFAA8C3F9E2}.Release|Any CPU.Build.0 = Release|Any CPU
		{52302C97-84C4-44BA-88F4-2C1BC38EAFA2}.Debug|Any CPU.ActiveCfg = Debug|Any CPU
		{52302C97-84C4-44BA-88F4-2C1BC38EAFA2}.Debug|Any CPU.Build.0 = Debug|Any CPU
		{52302C97-84C4-44BA-88F4-2C1BC38EAFA2}.Release|Any CPU.ActiveCfg = Release|Any CPU
		{52302C97-84C4-44BA-88F4-2C1BC38EAFA2}.Release|Any CPU.Build.0 = Release|Any CPU
		{0F0B1705-7BA1-463E-A917-7EEDA3AE0702}.Debug|Any CPU.ActiveCfg = Debug|Any CPU
		{0F0B1705-7BA1-463E-A917-7EEDA3AE0702}.Debug|Any CPU.Build.0 = Debug|Any CPU
		{0F0B1705-7BA1-463E-A917-7EEDA3AE0702}.Release|Any CPU.ActiveCfg = Release|Any CPU
		{0F0B1705-7BA1-463E-A917-7EEDA3AE0702}.Release|Any CPU.Build.0 = Release|Any CPU
		{119E2790-9752-4EDC-B190-6BEEA11222AB}.Debug|Any CPU.ActiveCfg = Debug|Any CPU
		{119E2790-9752-4EDC-B190-6BEEA11222AB}.Debug|Any CPU.Build.0 = Debug|Any CPU
		{119E2790-9752-4EDC-B190-6BEEA11222AB}.Release|Any CPU.ActiveCfg = Release|Any CPU
		{119E2790-9752-4EDC-B190-6BEEA11222AB}.Release|Any CPU.Build.0 = Release|Any CPU
		{ABBF65F3-CDFB-4EEF-A131-D424F31F51FE}.Debug|Any CPU.ActiveCfg = Debug|Any CPU
		{ABBF65F3-CDFB-4EEF-A131-D424F31F51FE}.Debug|Any CPU.Build.0 = Debug|Any CPU
		{ABBF65F3-CDFB-4EEF-A131-D424F31F51FE}.Release|Any CPU.ActiveCfg = Release|Any CPU
		{ABBF65F3-CDFB-4EEF-A131-D424F31F51FE}.Release|Any CPU.Build.0 = Release|Any CPU
	EndGlobalSection
	GlobalSection(SolutionProperties) = preSolution
		HideSolutionNode = FALSE
	EndGlobalSection
	GlobalSection(ExtensibilityGlobals) = postSolution
		SolutionGuid = {6EE5BF65-7B1D-4C06-9AB1-29C3899212FC}
	EndGlobalSection
EndGlobal
