
Microsoft Visual Studio Solution File, Format Version 12.00
# Visual Studio Version 17
VisualStudioVersion = 17.4.33110.190
MinimumVisualStudioVersion = 10.0.40219.1
Project("{FAE04EC0-301F-11D3-BF4B-00C04F79EFBC}") = "00.Demos", "..\00.Demos\00.Demos.csproj", "{9CD6B3E8-2B7C-4EB5-989E-95D7BF642020}"
EndProject
Project("{FAE04EC0-301F-11D3-BF4B-00C04F79EFBC}") = "01.BoxOfString", "..\01.BoxOfString\01.BoxOfString.csproj", "{EBDFFB55-91B4-4A2F-94C5-C0E41AE18F69}"
EndProject
Project("{FAE04EC0-301F-11D3-BF4B-00C04F79EFBC}") = "03.GenericMethodSwapStrings", "..\03.GenericMethodSwapStrings\03.GenericMethodSwapStrings.csproj", "{A8873080-E198-4796-A410-7F6098302D3A}"
EndProject
Project("{FAE04EC0-301F-11D3-BF4B-00C04F79EFBC}") = "07.Tuple", "..\07.Tuple\07.Tuple.csproj", "{3CECC06A-5E5C-4BE5-8970-14B19C3D6424}"
EndProject
Project("{FAE04EC0-301F-11D3-BF4B-00C04F79EFBC}") = "08.Threeuple", "..\08.Threeuple\08.Threeuple.csproj", "{70A1C68F-5517-4916-B1F1-CDAAC5EF6200}"
EndProject
Project("{FAE04EC0-301F-11D3-BF4B-00C04F79EFBC}") = "CustomDoublyLinkedList", "..\CustomDoublyLinkedList\CustomDoublyLinkedList.csproj", "{A9AD898C-4344-465F-9E47-DA0687193005}"
EndProject
Project("{FAE04EC0-301F-11D3-BF4B-00C04F79EFBC}") = "05.GenericCountMethodStrings", "..\05.GenericCountMethodStrings\05.GenericCountMethodStrings.csproj", "{BF86359A-4F68-4FC0-B902-429C733D80DB}"
EndProject
Global
	GlobalSection(SolutionConfigurationPlatforms) = preSolution
		Debug|Any CPU = Debug|Any CPU
		Release|Any CPU = Release|Any CPU
	EndGlobalSection
	GlobalSection(ProjectConfigurationPlatforms) = postSolution
		{9CD6B3E8-2B7C-4EB5-989E-95D7BF642020}.Debug|Any CPU.ActiveCfg = Debug|Any CPU
		{9CD6B3E8-2B7C-4EB5-989E-95D7BF642020}.Debug|Any CPU.Build.0 = Debug|Any CPU
		{9CD6B3E8-2B7C-4EB5-989E-95D7BF642020}.Release|Any CPU.ActiveCfg = Release|Any CPU
		{9CD6B3E8-2B7C-4EB5-989E-95D7BF642020}.Release|Any CPU.Build.0 = Release|Any CPU
		{EBDFFB55-91B4-4A2F-94C5-C0E41AE18F69}.Debug|Any CPU.ActiveCfg = Debug|Any CPU
		{EBDFFB55-91B4-4A2F-94C5-C0E41AE18F69}.Debug|Any CPU.Build.0 = Debug|Any CPU
		{EBDFFB55-91B4-4A2F-94C5-C0E41AE18F69}.Release|Any CPU.ActiveCfg = Release|Any CPU
		{EBDFFB55-91B4-4A2F-94C5-C0E41AE18F69}.Release|Any CPU.Build.0 = Release|Any CPU
		{A8873080-E198-4796-A410-7F6098302D3A}.Debug|Any CPU.ActiveCfg = Debug|Any CPU
		{A8873080-E198-4796-A410-7F6098302D3A}.Debug|Any CPU.Build.0 = Debug|Any CPU
		{A8873080-E198-4796-A410-7F6098302D3A}.Release|Any CPU.ActiveCfg = Release|Any CPU
		{A8873080-E198-4796-A410-7F6098302D3A}.Release|Any CPU.Build.0 = Release|Any CPU
		{3CECC06A-5E5C-4BE5-8970-14B19C3D6424}.Debug|Any CPU.ActiveCfg = Debug|Any CPU
		{3CECC06A-5E5C-4BE5-8970-14B19C3D6424}.Debug|Any CPU.Build.0 = Debug|Any CPU
		{3CECC06A-5E5C-4BE5-8970-14B19C3D6424}.Release|Any CPU.ActiveCfg = Release|Any CPU
		{3CECC06A-5E5C-4BE5-8970-14B19C3D6424}.Release|Any CPU.Build.0 = Release|Any CPU
		{70A1C68F-5517-4916-B1F1-CDAAC5EF6200}.Debug|Any CPU.ActiveCfg = Debug|Any CPU
		{70A1C68F-5517-4916-B1F1-CDAAC5EF6200}.Debug|Any CPU.Build.0 = Debug|Any CPU
		{70A1C68F-5517-4916-B1F1-CDAAC5EF6200}.Release|Any CPU.ActiveCfg = Release|Any CPU
		{70A1C68F-5517-4916-B1F1-CDAAC5EF6200}.Release|Any CPU.Build.0 = Release|Any CPU
		{A9AD898C-4344-465F-9E47-DA0687193005}.Debug|Any CPU.ActiveCfg = Debug|Any CPU
		{A9AD898C-4344-465F-9E47-DA0687193005}.Debug|Any CPU.Build.0 = Debug|Any CPU
		{A9AD898C-4344-465F-9E47-DA0687193005}.Release|Any CPU.ActiveCfg = Release|Any CPU
		{A9AD898C-4344-465F-9E47-DA0687193005}.Release|Any CPU.Build.0 = Release|Any CPU
		{BF86359A-4F68-4FC0-B902-429C733D80DB}.Debug|Any CPU.ActiveCfg = Debug|Any CPU
		{BF86359A-4F68-4FC0-B902-429C733D80DB}.Debug|Any CPU.Build.0 = Debug|Any CPU
		{BF86359A-4F68-4FC0-B902-429C733D80DB}.Release|Any CPU.ActiveCfg = Release|Any CPU
		{BF86359A-4F68-4FC0-B902-429C733D80DB}.Release|Any CPU.Build.0 = Release|Any CPU
	EndGlobalSection
	GlobalSection(SolutionProperties) = preSolution
		HideSolutionNode = FALSE
	EndGlobalSection
	GlobalSection(ExtensibilityGlobals) = postSolution
		SolutionGuid = {3F7C07E9-D094-4741-BEAB-56B7FAF731AA}
	EndGlobalSection
EndGlobal
