
Microsoft Visual Studio Solution File, Format Version 12.00
# Visual Studio Version 17
VisualStudioVersion = 17.4.33110.190
MinimumVisualStudioVersion = 10.0.40219.1
Project("{FAE04EC0-301F-11D3-BF4B-00C04F79EFBC}") = "Task1", "..\Task1\Task1.csproj", "{61887C05-2C93-4D0B-8308-20E506162ADC}"
EndProject
Project("{FAE04EC0-301F-11D3-BF4B-00C04F79EFBC}") = "Task2", "..\Task2\Task2.csproj", "{21BF09C5-AC23-4637-A832-ECB03B8D5C39}"
EndProject
Project("{FAE04EC0-301F-11D3-BF4B-00C04F79EFBC}") = "Task3", "..\Task3\Task3.csproj", "{6E9A638C-5E2D-4103-A9CD-3FEBF18A80E6}"
EndProject
Project("{FAE04EC0-301F-11D3-BF4B-00C04F79EFBC}") = "TestTheory", "..\TestTheory\TestTheory.csproj", "{B357816F-D89F-4540-B9D4-0904305526AD}"
EndProject
Global
	GlobalSection(SolutionConfigurationPlatforms) = preSolution
		Debug|Any CPU = Debug|Any CPU
		Release|Any CPU = Release|Any CPU
	EndGlobalSection
	GlobalSection(ProjectConfigurationPlatforms) = postSolution
		{61887C05-2C93-4D0B-8308-20E506162ADC}.Debug|Any CPU.ActiveCfg = Debug|Any CPU
		{61887C05-2C93-4D0B-8308-20E506162ADC}.Debug|Any CPU.Build.0 = Debug|Any CPU
		{61887C05-2C93-4D0B-8308-20E506162ADC}.Release|Any CPU.ActiveCfg = Release|Any CPU
		{61887C05-2C93-4D0B-8308-20E506162ADC}.Release|Any CPU.Build.0 = Release|Any CPU
		{21BF09C5-AC23-4637-A832-ECB03B8D5C39}.Debug|Any CPU.ActiveCfg = Debug|Any CPU
		{21BF09C5-AC23-4637-A832-ECB03B8D5C39}.Debug|Any CPU.Build.0 = Debug|Any CPU
		{21BF09C5-AC23-4637-A832-ECB03B8D5C39}.Release|Any CPU.ActiveCfg = Release|Any CPU
		{21BF09C5-AC23-4637-A832-ECB03B8D5C39}.Release|Any CPU.Build.0 = Release|Any CPU
		{6E9A638C-5E2D-4103-A9CD-3FEBF18A80E6}.Debug|Any CPU.ActiveCfg = Debug|Any CPU
		{6E9A638C-5E2D-4103-A9CD-3FEBF18A80E6}.Debug|Any CPU.Build.0 = Debug|Any CPU
		{6E9A638C-5E2D-4103-A9CD-3FEBF18A80E6}.Release|Any CPU.ActiveCfg = Release|Any CPU
		{6E9A638C-5E2D-4103-A9CD-3FEBF18A80E6}.Release|Any CPU.Build.0 = Release|Any CPU
		{B357816F-D89F-4540-B9D4-0904305526AD}.Debug|Any CPU.ActiveCfg = Debug|Any CPU
		{B357816F-D89F-4540-B9D4-0904305526AD}.Debug|Any CPU.Build.0 = Debug|Any CPU
		{B357816F-D89F-4540-B9D4-0904305526AD}.Release|Any CPU.ActiveCfg = Release|Any CPU
		{B357816F-D89F-4540-B9D4-0904305526AD}.Release|Any CPU.Build.0 = Release|Any CPU
	EndGlobalSection
	GlobalSection(SolutionProperties) = preSolution
		HideSolutionNode = FALSE
	EndGlobalSection
	GlobalSection(ExtensibilityGlobals) = postSolution
		SolutionGuid = {90B99234-6F17-48E3-8B27-663D91D23056}
	EndGlobalSection
EndGlobal
