
Microsoft Visual Studio Solution File, Format Version 12.00
# Visual Studio Version 17
VisualStudioVersion = 17.4.33110.190
MinimumVisualStudioVersion = 10.0.40219.1
Project("{FAE04EC0-301F-11D3-BF4B-00C04F79EFBC}") = "HelloSoftUni", "HelloSoftUni.csproj", "{2F8141FD-850C-4ED5-8926-441E33E5B949}"
EndProject
Project("{FAE04EC0-301F-11D3-BF4B-00C04F79EFBC}") = "Greetings", "..\Greetings\Greetings.csproj", "{264A759D-9CF5-4646-B1C2-ABC436282D0E}"
EndProject
Project("{FAE04EC0-301F-11D3-BF4B-00C04F79EFBC}") = "ProjectCreation", "..\ProjectCreation\ProjectCreation.csproj", "{71D9C14A-CC4B-447A-99FF-BA66143ACD68}"
EndProject
Project("{FAE04EC0-301F-11D3-BF4B-00C04F79EFBC}") = "Pet Shop", "..\Pet Shop\Pet Shop.csproj", "{275FA51A-209D-4009-9833-E52724B21047}"
EndProject
Project("{FAE04EC0-301F-11D3-BF4B-00C04F79EFBC}") = "YardGreetings", "..\YardGreetings\YardGreetings.csproj", "{CB37CF21-1A44-48E8-8F69-37F7D455EB9C}"
EndProject
Project("{FAE04EC0-301F-11D3-BF4B-00C04F79EFBC}") = "Usd to BGN", "..\Usd to BGN\Usd to BGN.csproj", "{18C33310-C0C1-48FF-8E0B-4B8CF51A25CC}"
EndProject
Project("{FAE04EC0-301F-11D3-BF4B-00C04F79EFBC}") = "Radians To Degrees", "..\Radians To Degrees\Radians To Degrees.csproj", "{355760B4-7CB8-4E32-AC29-A82D07214CFD}"
EndProject
Project("{FAE04EC0-301F-11D3-BF4B-00C04F79EFBC}") = "Deposit Calculator", "..\Deposit Calculator\Deposit Calculator.csproj", "{C912F6DA-4C12-4D92-964B-A31E357697B8}"
EndProject
Project("{FAE04EC0-301F-11D3-BF4B-00C04F79EFBC}") = "Vacation Books List", "..\Vacation Books List\Vacation Books List.csproj", "{6C441377-2A4C-4545-87C9-82B2B79B6D1D}"
EndProject
Project("{FAE04EC0-301F-11D3-BF4B-00C04F79EFBC}") = "Supplies for School", "..\Supplies for School\Supplies for School.csproj", "{BD8CAA56-2342-4657-96B8-F6797242EFFF}"
EndProject
Project("{FAE04EC0-301F-11D3-BF4B-00C04F79EFBC}") = "Repainting", "..\Repainting\Repainting.csproj", "{4B266594-8470-4458-9464-9EB63D62797E}"
EndProject
Project("{FAE04EC0-301F-11D3-BF4B-00C04F79EFBC}") = "Food Delivery", "..\Food Delivery\Food Delivery.csproj", "{FD46719D-9BEC-49ED-B07B-7E67059E7654}"
EndProject
Project("{FAE04EC0-301F-11D3-BF4B-00C04F79EFBC}") = "Basketball Equipment", "..\Basketball Equipment\Basketball Equipment.csproj", "{B243A8AF-F254-4152-AFE8-C403ED627A6D}"
EndProject
Project("{FAE04EC0-301F-11D3-BF4B-00C04F79EFBC}") = "Fish Tank", "..\Fish Tank\Fish Tank.csproj", "{77E2F617-311F-4C5D-9F62-432A7DA08214}"
EndProject
Project("{FAE04EC0-301F-11D3-BF4B-00C04F79EFBC}") = "Nums1to10", "..\Nums1to10\Nums1to10.csproj", "{673E36FC-42C0-473A-807A-53C4260BEE0B}"
EndProject
Global
	GlobalSection(SolutionConfigurationPlatforms) = preSolution
		Debug|Any CPU = Debug|Any CPU
		Release|Any CPU = Release|Any CPU
	EndGlobalSection
	GlobalSection(ProjectConfigurationPlatforms) = postSolution
		{2F8141FD-850C-4ED5-8926-441E33E5B949}.Debug|Any CPU.ActiveCfg = Debug|Any CPU
		{2F8141FD-850C-4ED5-8926-441E33E5B949}.Debug|Any CPU.Build.0 = Debug|Any CPU
		{2F8141FD-850C-4ED5-8926-441E33E5B949}.Release|Any CPU.ActiveCfg = Release|Any CPU
		{2F8141FD-850C-4ED5-8926-441E33E5B949}.Release|Any CPU.Build.0 = Release|Any CPU
		{264A759D-9CF5-4646-B1C2-ABC436282D0E}.Debug|Any CPU.ActiveCfg = Debug|Any CPU
		{264A759D-9CF5-4646-B1C2-ABC436282D0E}.Debug|Any CPU.Build.0 = Debug|Any CPU
		{264A759D-9CF5-4646-B1C2-ABC436282D0E}.Release|Any CPU.ActiveCfg = Release|Any CPU
		{264A759D-9CF5-4646-B1C2-ABC436282D0E}.Release|Any CPU.Build.0 = Release|Any CPU
		{71D9C14A-CC4B-447A-99FF-BA66143ACD68}.Debug|Any CPU.ActiveCfg = Debug|Any CPU
		{71D9C14A-CC4B-447A-99FF-BA66143ACD68}.Debug|Any CPU.Build.0 = Debug|Any CPU
		{71D9C14A-CC4B-447A-99FF-BA66143ACD68}.Release|Any CPU.ActiveCfg = Release|Any CPU
		{71D9C14A-CC4B-447A-99FF-BA66143ACD68}.Release|Any CPU.Build.0 = Release|Any CPU
		{275FA51A-209D-4009-9833-E52724B21047}.Debug|Any CPU.ActiveCfg = Debug|Any CPU
		{275FA51A-209D-4009-9833-E52724B21047}.Debug|Any CPU.Build.0 = Debug|Any CPU
		{275FA51A-209D-4009-9833-E52724B21047}.Release|Any CPU.ActiveCfg = Release|Any CPU
		{275FA51A-209D-4009-9833-E52724B21047}.Release|Any CPU.Build.0 = Release|Any CPU
		{CB37CF21-1A44-48E8-8F69-37F7D455EB9C}.Debug|Any CPU.ActiveCfg = Debug|Any CPU
		{CB37CF21-1A44-48E8-8F69-37F7D455EB9C}.Debug|Any CPU.Build.0 = Debug|Any CPU
		{CB37CF21-1A44-48E8-8F69-37F7D455EB9C}.Release|Any CPU.ActiveCfg = Release|Any CPU
		{CB37CF21-1A44-48E8-8F69-37F7D455EB9C}.Release|Any CPU.Build.0 = Release|Any CPU
		{18C33310-C0C1-48FF-8E0B-4B8CF51A25CC}.Debug|Any CPU.ActiveCfg = Debug|Any CPU
		{18C33310-C0C1-48FF-8E0B-4B8CF51A25CC}.Debug|Any CPU.Build.0 = Debug|Any CPU
		{18C33310-C0C1-48FF-8E0B-4B8CF51A25CC}.Release|Any CPU.ActiveCfg = Release|Any CPU
		{18C33310-C0C1-48FF-8E0B-4B8CF51A25CC}.Release|Any CPU.Build.0 = Release|Any CPU
		{355760B4-7CB8-4E32-AC29-A82D07214CFD}.Debug|Any CPU.ActiveCfg = Debug|Any CPU
		{355760B4-7CB8-4E32-AC29-A82D07214CFD}.Debug|Any CPU.Build.0 = Debug|Any CPU
		{355760B4-7CB8-4E32-AC29-A82D07214CFD}.Release|Any CPU.ActiveCfg = Release|Any CPU
		{355760B4-7CB8-4E32-AC29-A82D07214CFD}.Release|Any CPU.Build.0 = Release|Any CPU
		{C912F6DA-4C12-4D92-964B-A31E357697B8}.Debug|Any CPU.ActiveCfg = Debug|Any CPU
		{C912F6DA-4C12-4D92-964B-A31E357697B8}.Debug|Any CPU.Build.0 = Debug|Any CPU
		{C912F6DA-4C12-4D92-964B-A31E357697B8}.Release|Any CPU.ActiveCfg = Release|Any CPU
		{C912F6DA-4C12-4D92-964B-A31E357697B8}.Release|Any CPU.Build.0 = Release|Any CPU
		{6C441377-2A4C-4545-87C9-82B2B79B6D1D}.Debug|Any CPU.ActiveCfg = Debug|Any CPU
		{6C441377-2A4C-4545-87C9-82B2B79B6D1D}.Debug|Any CPU.Build.0 = Debug|Any CPU
		{6C441377-2A4C-4545-87C9-82B2B79B6D1D}.Release|Any CPU.ActiveCfg = Release|Any CPU
		{6C441377-2A4C-4545-87C9-82B2B79B6D1D}.Release|Any CPU.Build.0 = Release|Any CPU
		{BD8CAA56-2342-4657-96B8-F6797242EFFF}.Debug|Any CPU.ActiveCfg = Debug|Any CPU
		{BD8CAA56-2342-4657-96B8-F6797242EFFF}.Debug|Any CPU.Build.0 = Debug|Any CPU
		{BD8CAA56-2342-4657-96B8-F6797242EFFF}.Release|Any CPU.ActiveCfg = Release|Any CPU
		{BD8CAA56-2342-4657-96B8-F6797242EFFF}.Release|Any CPU.Build.0 = Release|Any CPU
		{4B266594-8470-4458-9464-9EB63D62797E}.Debug|Any CPU.ActiveCfg = Debug|Any CPU
		{4B266594-8470-4458-9464-9EB63D62797E}.Debug|Any CPU.Build.0 = Debug|Any CPU
		{4B266594-8470-4458-9464-9EB63D62797E}.Release|Any CPU.ActiveCfg = Release|Any CPU
		{4B266594-8470-4458-9464-9EB63D62797E}.Release|Any CPU.Build.0 = Release|Any CPU
		{FD46719D-9BEC-49ED-B07B-7E67059E7654}.Debug|Any CPU.ActiveCfg = Debug|Any CPU
		{FD46719D-9BEC-49ED-B07B-7E67059E7654}.Debug|Any CPU.Build.0 = Debug|Any CPU
		{FD46719D-9BEC-49ED-B07B-7E67059E7654}.Release|Any CPU.ActiveCfg = Release|Any CPU
		{FD46719D-9BEC-49ED-B07B-7E67059E7654}.Release|Any CPU.Build.0 = Release|Any CPU
		{B243A8AF-F254-4152-AFE8-C403ED627A6D}.Debug|Any CPU.ActiveCfg = Debug|Any CPU
		{B243A8AF-F254-4152-AFE8-C403ED627A6D}.Debug|Any CPU.Build.0 = Debug|Any CPU
		{B243A8AF-F254-4152-AFE8-C403ED627A6D}.Release|Any CPU.ActiveCfg = Release|Any CPU
		{B243A8AF-F254-4152-AFE8-C403ED627A6D}.Release|Any CPU.Build.0 = Release|Any CPU
		{77E2F617-311F-4C5D-9F62-432A7DA08214}.Debug|Any CPU.ActiveCfg = Debug|Any CPU
		{77E2F617-311F-4C5D-9F62-432A7DA08214}.Debug|Any CPU.Build.0 = Debug|Any CPU
		{77E2F617-311F-4C5D-9F62-432A7DA08214}.Release|Any CPU.ActiveCfg = Release|Any CPU
		{77E2F617-311F-4C5D-9F62-432A7DA08214}.Release|Any CPU.Build.0 = Release|Any CPU
		{673E36FC-42C0-473A-807A-53C4260BEE0B}.Debug|Any CPU.ActiveCfg = Debug|Any CPU
		{673E36FC-42C0-473A-807A-53C4260BEE0B}.Debug|Any CPU.Build.0 = Debug|Any CPU
		{673E36FC-42C0-473A-807A-53C4260BEE0B}.Release|Any CPU.ActiveCfg = Release|Any CPU
		{673E36FC-42C0-473A-807A-53C4260BEE0B}.Release|Any CPU.Build.0 = Release|Any CPU
	EndGlobalSection
	GlobalSection(SolutionProperties) = preSolution
		HideSolutionNode = FALSE
	EndGlobalSection
	GlobalSection(ExtensibilityGlobals) = postSolution
		SolutionGuid = {2DF4C466-6351-40B7-B618-0ED38185DD71}
	EndGlobalSection
EndGlobal
