
Microsoft Visual Studio Solution File, Format Version 12.00
# Visual Studio Version 17
VisualStudioVersion = 17.4.33110.190
MinimumVisualStudioVersion = 10.0.40219.1
Project("{FAE04EC0-301F-11D3-BF4B-00C04F79EFBC}") = "01. Valid Usernames", "..\01. Valid Usernames\01. Valid Usernames.csproj", "{1B43CA9B-44A9-42DD-8732-F4D9F49123DB}"
EndProject
Project("{FAE04EC0-301F-11D3-BF4B-00C04F79EFBC}") = "02. Character Multiplier", "..\02. Character Multiplier\02. Character Multiplier.csproj", "{23BBF620-FE5B-4203-BAF5-7F781F09FA2D}"
EndProject
Project("{FAE04EC0-301F-11D3-BF4B-00C04F79EFBC}") = "03. Extract FIle", "..\03. Extract FIle\03. Extract FIle.csproj", "{717FC73B-17A9-4F94-8CDF-373D3D79364F}"
EndProject
Project("{FAE04EC0-301F-11D3-BF4B-00C04F79EFBC}") = "04. Caesar Cipher", "..\04. Caesar Cipher\04. Caesar Cipher.csproj", "{F73CA744-E754-4EF5-AC0E-58140D77E0FA}"
EndProject
Project("{FAE04EC0-301F-11D3-BF4B-00C04F79EFBC}") = "05. Multiply Big Number", "..\05. Multiply Big Number\05. Multiply Big Number.csproj", "{B323B911-E38D-4DA4-8F5C-FBC0D2515DE0}"
EndProject
Project("{FAE04EC0-301F-11D3-BF4B-00C04F79EFBC}") = "06. Replace Repeating Chars", "..\06. Replace Repeating Chars\06. Replace Repeating Chars.csproj", "{15BC0018-66EE-4A75-8D72-C45CE47B622C}"
EndProject
Project("{FAE04EC0-301F-11D3-BF4B-00C04F79EFBC}") = "07. String Explosion", "..\07. String Explosion\07. String Explosion.csproj", "{223701EE-6D56-4903-9A13-04125DB0B1E1}"
EndProject
Project("{FAE04EC0-301F-11D3-BF4B-00C04F79EFBC}") = "08. Letters Change Numbers", "..\08. Letters Change Numbers\08. Letters Change Numbers.csproj", "{666019C1-73E5-4BCF-8474-12F8BE5909F4}"
EndProject
Global
	GlobalSection(SolutionConfigurationPlatforms) = preSolution
		Debug|Any CPU = Debug|Any CPU
		Release|Any CPU = Release|Any CPU
	EndGlobalSection
	GlobalSection(ProjectConfigurationPlatforms) = postSolution
		{1B43CA9B-44A9-42DD-8732-F4D9F49123DB}.Debug|Any CPU.ActiveCfg = Debug|Any CPU
		{1B43CA9B-44A9-42DD-8732-F4D9F49123DB}.Debug|Any CPU.Build.0 = Debug|Any CPU
		{1B43CA9B-44A9-42DD-8732-F4D9F49123DB}.Release|Any CPU.ActiveCfg = Release|Any CPU
		{1B43CA9B-44A9-42DD-8732-F4D9F49123DB}.Release|Any CPU.Build.0 = Release|Any CPU
		{23BBF620-FE5B-4203-BAF5-7F781F09FA2D}.Debug|Any CPU.ActiveCfg = Debug|Any CPU
		{23BBF620-FE5B-4203-BAF5-7F781F09FA2D}.Debug|Any CPU.Build.0 = Debug|Any CPU
		{23BBF620-FE5B-4203-BAF5-7F781F09FA2D}.Release|Any CPU.ActiveCfg = Release|Any CPU
		{23BBF620-FE5B-4203-BAF5-7F781F09FA2D}.Release|Any CPU.Build.0 = Release|Any CPU
		{717FC73B-17A9-4F94-8CDF-373D3D79364F}.Debug|Any CPU.ActiveCfg = Debug|Any CPU
		{717FC73B-17A9-4F94-8CDF-373D3D79364F}.Debug|Any CPU.Build.0 = Debug|Any CPU
		{717FC73B-17A9-4F94-8CDF-373D3D79364F}.Release|Any CPU.ActiveCfg = Release|Any CPU
		{717FC73B-17A9-4F94-8CDF-373D3D79364F}.Release|Any CPU.Build.0 = Release|Any CPU
		{F73CA744-E754-4EF5-AC0E-58140D77E0FA}.Debug|Any CPU.ActiveCfg = Debug|Any CPU
		{F73CA744-E754-4EF5-AC0E-58140D77E0FA}.Debug|Any CPU.Build.0 = Debug|Any CPU
		{F73CA744-E754-4EF5-AC0E-58140D77E0FA}.Release|Any CPU.ActiveCfg = Release|Any CPU
		{F73CA744-E754-4EF5-AC0E-58140D77E0FA}.Release|Any CPU.Build.0 = Release|Any CPU
		{B323B911-E38D-4DA4-8F5C-FBC0D2515DE0}.Debug|Any CPU.ActiveCfg = Debug|Any CPU
		{B323B911-E38D-4DA4-8F5C-FBC0D2515DE0}.Debug|Any CPU.Build.0 = Debug|Any CPU
		{B323B911-E38D-4DA4-8F5C-FBC0D2515DE0}.Release|Any CPU.ActiveCfg = Release|Any CPU
		{B323B911-E38D-4DA4-8F5C-FBC0D2515DE0}.Release|Any CPU.Build.0 = Release|Any CPU
		{15BC0018-66EE-4A75-8D72-C45CE47B622C}.Debug|Any CPU.ActiveCfg = Debug|Any CPU
		{15BC0018-66EE-4A75-8D72-C45CE47B622C}.Debug|Any CPU.Build.0 = Debug|Any CPU
		{15BC0018-66EE-4A75-8D72-C45CE47B622C}.Release|Any CPU.ActiveCfg = Release|Any CPU
		{15BC0018-66EE-4A75-8D72-C45CE47B622C}.Release|Any CPU.Build.0 = Release|Any CPU
		{223701EE-6D56-4903-9A13-04125DB0B1E1}.Debug|Any CPU.ActiveCfg = Debug|Any CPU
		{223701EE-6D56-4903-9A13-04125DB0B1E1}.Debug|Any CPU.Build.0 = Debug|Any CPU
		{223701EE-6D56-4903-9A13-04125DB0B1E1}.Release|Any CPU.ActiveCfg = Release|Any CPU
		{223701EE-6D56-4903-9A13-04125DB0B1E1}.Release|Any CPU.Build.0 = Release|Any CPU
		{666019C1-73E5-4BCF-8474-12F8BE5909F4}.Debug|Any CPU.ActiveCfg = Debug|Any CPU
		{666019C1-73E5-4BCF-8474-12F8BE5909F4}.Debug|Any CPU.Build.0 = Debug|Any CPU
		{666019C1-73E5-4BCF-8474-12F8BE5909F4}.Release|Any CPU.ActiveCfg = Release|Any CPU
		{666019C1-73E5-4BCF-8474-12F8BE5909F4}.Release|Any CPU.Build.0 = Release|Any CPU
	EndGlobalSection
	GlobalSection(SolutionProperties) = preSolution
		HideSolutionNode = FALSE
	EndGlobalSection
	GlobalSection(ExtensibilityGlobals) = postSolution
		SolutionGuid = {F71DEC39-8841-4CAD-A1A0-A831316247ED}
	EndGlobalSection
EndGlobal
