
Microsoft Visual Studio Solution File, Format Version 12.00
# Visual Studio Version 17
VisualStudioVersion = 17.4.33110.190
MinimumVisualStudioVersion = 10.0.40219.1
Project("{FAE04EC0-301F-11D3-BF4B-00C04F79EFBC}") = "Clock", "..\Clock\Clock.csproj", "{4CAF4AF2-0B94-4E29-8D75-278FF83BE596}"
EndProject
Project("{FAE04EC0-301F-11D3-BF4B-00C04F79EFBC}") = "Multiplication Table", "..\Multiplication Table\Multiplication Table.csproj", "{1EC41FF4-DC1D-45CE-8DAA-2AAF0BA6D119}"
EndProject
Project("{FAE04EC0-301F-11D3-BF4B-00C04F79EFBC}") = "Combinations", "..\Combinations\Combinations.csproj", "{8F18C68B-E904-44DB-B102-9009639279B7}"
EndProject
Project("{FAE04EC0-301F-11D3-BF4B-00C04F79EFBC}") = "Sum of Two Numbers", "..\Sum of Two Numbers\Sum of Two Numbers.csproj", "{D0928D70-8FFD-4834-AF63-5CF06F7BD2ED}"
EndProject
Project("{FAE04EC0-301F-11D3-BF4B-00C04F79EFBC}") = "Travel", "..\Travel\Travel.csproj", "{D5B2FE01-A96E-441D-BAC4-01F98572FB94}"
EndProject
Project("{FAE04EC0-301F-11D3-BF4B-00C04F79EFBC}") = "Building", "..\Building\Building.csproj", "{F3D5775B-F603-4858-8C50-46EBC4CD2136}"
EndProject
Global
	GlobalSection(SolutionConfigurationPlatforms) = preSolution
		Debug|Any CPU = Debug|Any CPU
		Release|Any CPU = Release|Any CPU
	EndGlobalSection
	GlobalSection(ProjectConfigurationPlatforms) = postSolution
		{4CAF4AF2-0B94-4E29-8D75-278FF83BE596}.Debug|Any CPU.ActiveCfg = Debug|Any CPU
		{4CAF4AF2-0B94-4E29-8D75-278FF83BE596}.Debug|Any CPU.Build.0 = Debug|Any CPU
		{4CAF4AF2-0B94-4E29-8D75-278FF83BE596}.Release|Any CPU.ActiveCfg = Release|Any CPU
		{4CAF4AF2-0B94-4E29-8D75-278FF83BE596}.Release|Any CPU.Build.0 = Release|Any CPU
		{1EC41FF4-DC1D-45CE-8DAA-2AAF0BA6D119}.Debug|Any CPU.ActiveCfg = Debug|Any CPU
		{1EC41FF4-DC1D-45CE-8DAA-2AAF0BA6D119}.Debug|Any CPU.Build.0 = Debug|Any CPU
		{1EC41FF4-DC1D-45CE-8DAA-2AAF0BA6D119}.Release|Any CPU.ActiveCfg = Release|Any CPU
		{1EC41FF4-DC1D-45CE-8DAA-2AAF0BA6D119}.Release|Any CPU.Build.0 = Release|Any CPU
		{8F18C68B-E904-44DB-B102-9009639279B7}.Debug|Any CPU.ActiveCfg = Debug|Any CPU
		{8F18C68B-E904-44DB-B102-9009639279B7}.Debug|Any CPU.Build.0 = Debug|Any CPU
		{8F18C68B-E904-44DB-B102-9009639279B7}.Release|Any CPU.ActiveCfg = Release|Any CPU
		{8F18C68B-E904-44DB-B102-9009639279B7}.Release|Any CPU.Build.0 = Release|Any CPU
		{D0928D70-8FFD-4834-AF63-5CF06F7BD2ED}.Debug|Any CPU.ActiveCfg = Debug|Any CPU
		{D0928D70-8FFD-4834-AF63-5CF06F7BD2ED}.Debug|Any CPU.Build.0 = Debug|Any CPU
		{D0928D70-8FFD-4834-AF63-5CF06F7BD2ED}.Release|Any CPU.ActiveCfg = Release|Any CPU
		{D0928D70-8FFD-4834-AF63-5CF06F7BD2ED}.Release|Any CPU.Build.0 = Release|Any CPU
		{D5B2FE01-A96E-441D-BAC4-01F98572FB94}.Debug|Any CPU.ActiveCfg = Debug|Any CPU
		{D5B2FE01-A96E-441D-BAC4-01F98572FB94}.Debug|Any CPU.Build.0 = Debug|Any CPU
		{D5B2FE01-A96E-441D-BAC4-01F98572FB94}.Release|Any CPU.ActiveCfg = Release|Any CPU
		{D5B2FE01-A96E-441D-BAC4-01F98572FB94}.Release|Any CPU.Build.0 = Release|Any CPU
		{F3D5775B-F603-4858-8C50-46EBC4CD2136}.Debug|Any CPU.ActiveCfg = Debug|Any CPU
		{F3D5775B-F603-4858-8C50-46EBC4CD2136}.Debug|Any CPU.Build.0 = Debug|Any CPU
		{F3D5775B-F603-4858-8C50-46EBC4CD2136}.Release|Any CPU.ActiveCfg = Release|Any CPU
		{F3D5775B-F603-4858-8C50-46EBC4CD2136}.Release|Any CPU.Build.0 = Release|Any CPU
	EndGlobalSection
	GlobalSection(SolutionProperties) = preSolution
		HideSolutionNode = FALSE
	EndGlobalSection
	GlobalSection(ExtensibilityGlobals) = postSolution
		SolutionGuid = {3B099060-24BE-4166-A6E8-83DB59570504}
	EndGlobalSection
EndGlobal
