
Microsoft Visual Studio Solution File, Format Version 12.00
# Visual Studio Version 17
VisualStudioVersion = 17.4.33110.190
MinimumVisualStudioVersion = 10.0.40219.1
Project("{FAE04EC0-301F-11D3-BF4B-00C04F79EFBC}") = "Excellent Result", "..\Excellent Result\Excellent Result.csproj", "{45DBE4CF-8CE5-4BCA-A521-1299A3B3019B}"
EndProject
Project("{FAE04EC0-301F-11D3-BF4B-00C04F79EFBC}") = "Greater Number", "..\Greater Number\Greater Number.csproj", "{F097D635-9222-4E7C-B683-AB766BA83191}"
EndProject
Project("{FAE04EC0-301F-11D3-BF4B-00C04F79EFBC}") = "Even or odd", "..\Even or odd\Even or odd.csproj", "{6975F0F0-6BDB-48FC-B3DF-AFC903D37FBE}"
EndProject
Project("{FAE04EC0-301F-11D3-BF4B-00C04F79EFBC}") = "Guess the Password", "..\Guess the Password\Guess the Password.csproj", "{4C570DC6-F576-4C6E-89F6-975DD621C991}"
EndProject
Project("{FAE04EC0-301F-11D3-BF4B-00C04F79EFBC}") = "Number 100 to 200", "..\Number 100 to 200\Number 100 to 200.csproj", "{A0BCDB92-2E68-4F62-B5D5-EA9C386ACD5A}"
EndProject
Project("{FAE04EC0-301F-11D3-BF4B-00C04F79EFBC}") = "SpeedInfo", "..\SpeedInfo\SpeedInfo.csproj", "{6620D4EA-C878-4B85-82BB-752B45C2CD57}"
EndProject
Project("{FAE04EC0-301F-11D3-BF4B-00C04F79EFBC}") = "Area Of Figures", "..\Area Of Figures\Area Of Figures.csproj", "{5A5A409F-B741-4DD6-8C4C-4AE42950829D}"
EndProject
Project("{FAE04EC0-301F-11D3-BF4B-00C04F79EFBC}") = "SumSeconds", "..\SumSeconds\SumSeconds.csproj", "{48D7657A-353A-494C-A599-5E320DCC70D6}"
EndProject
Project("{FAE04EC0-301F-11D3-BF4B-00C04F79EFBC}") = "BonusScore", "..\BonusScore\BonusScore.csproj", "{3FB9C56F-1B17-4E6B-B026-3814143A74E4}"
EndProject
Project("{FAE04EC0-301F-11D3-BF4B-00C04F79EFBC}") = "Time and 15 minutes", "..\Time and 15 minutes\Time and 15 minutes.csproj", "{2B8DD397-6EB5-400F-8D8A-B7B63987F407}"
EndProject
Project("{FAE04EC0-301F-11D3-BF4B-00C04F79EFBC}") = "ToyShop", "..\ToyShop\ToyShop.csproj", "{B82DFC84-D347-4BCD-922B-4131DE8813A2}"
EndProject
Project("{FAE04EC0-301F-11D3-BF4B-00C04F79EFBC}") = "Godzilla vs. Kong", "..\Godzilla vs. Kong\Godzilla vs. Kong.csproj", "{5F566D8B-9A32-4A62-8EA1-9D6F671FEB7A}"
EndProject
Project("{FAE04EC0-301F-11D3-BF4B-00C04F79EFBC}") = "WorldSwimmingRecord", "..\WorldSwimmingRecord\WorldSwimmingRecord.csproj", "{8C860F42-D8A3-4AA5-BFC4-51EE0D891CA0}"
EndProject
Project("{FAE04EC0-301F-11D3-BF4B-00C04F79EFBC}") = "Shopping", "..\Shopping\Shopping.csproj", "{BE4FDD14-F3AC-41DC-9362-9B957CF888A9}"
EndProject
Project("{FAE04EC0-301F-11D3-BF4B-00C04F79EFBC}") = "LunchBreak", "..\LunchBreak\LunchBreak.csproj", "{5C739B0F-D252-4957-B01B-A309D93551B5}"
EndProject
Global
	GlobalSection(SolutionConfigurationPlatforms) = preSolution
		Debug|Any CPU = Debug|Any CPU
		Release|Any CPU = Release|Any CPU
	EndGlobalSection
	GlobalSection(ProjectConfigurationPlatforms) = postSolution
		{45DBE4CF-8CE5-4BCA-A521-1299A3B3019B}.Debug|Any CPU.ActiveCfg = Debug|Any CPU
		{45DBE4CF-8CE5-4BCA-A521-1299A3B3019B}.Debug|Any CPU.Build.0 = Debug|Any CPU
		{45DBE4CF-8CE5-4BCA-A521-1299A3B3019B}.Release|Any CPU.ActiveCfg = Release|Any CPU
		{45DBE4CF-8CE5-4BCA-A521-1299A3B3019B}.Release|Any CPU.Build.0 = Release|Any CPU
		{F097D635-9222-4E7C-B683-AB766BA83191}.Debug|Any CPU.ActiveCfg = Debug|Any CPU
		{F097D635-9222-4E7C-B683-AB766BA83191}.Debug|Any CPU.Build.0 = Debug|Any CPU
		{F097D635-9222-4E7C-B683-AB766BA83191}.Release|Any CPU.ActiveCfg = Release|Any CPU
		{F097D635-9222-4E7C-B683-AB766BA83191}.Release|Any CPU.Build.0 = Release|Any CPU
		{6975F0F0-6BDB-48FC-B3DF-AFC903D37FBE}.Debug|Any CPU.ActiveCfg = Debug|Any CPU
		{6975F0F0-6BDB-48FC-B3DF-AFC903D37FBE}.Debug|Any CPU.Build.0 = Debug|Any CPU
		{6975F0F0-6BDB-48FC-B3DF-AFC903D37FBE}.Release|Any CPU.ActiveCfg = Release|Any CPU
		{6975F0F0-6BDB-48FC-B3DF-AFC903D37FBE}.Release|Any CPU.Build.0 = Release|Any CPU
		{4C570DC6-F576-4C6E-89F6-975DD621C991}.Debug|Any CPU.ActiveCfg = Debug|Any CPU
		{4C570DC6-F576-4C6E-89F6-975DD621C991}.Debug|Any CPU.Build.0 = Debug|Any CPU
		{4C570DC6-F576-4C6E-89F6-975DD621C991}.Release|Any CPU.ActiveCfg = Release|Any CPU
		{4C570DC6-F576-4C6E-89F6-975DD621C991}.Release|Any CPU.Build.0 = Release|Any CPU
		{A0BCDB92-2E68-4F62-B5D5-EA9C386ACD5A}.Debug|Any CPU.ActiveCfg = Debug|Any CPU
		{A0BCDB92-2E68-4F62-B5D5-EA9C386ACD5A}.Debug|Any CPU.Build.0 = Debug|Any CPU
		{A0BCDB92-2E68-4F62-B5D5-EA9C386ACD5A}.Release|Any CPU.ActiveCfg = Release|Any CPU
		{A0BCDB92-2E68-4F62-B5D5-EA9C386ACD5A}.Release|Any CPU.Build.0 = Release|Any CPU
		{6620D4EA-C878-4B85-82BB-752B45C2CD57}.Debug|Any CPU.ActiveCfg = Debug|Any CPU
		{6620D4EA-C878-4B85-82BB-752B45C2CD57}.Debug|Any CPU.Build.0 = Debug|Any CPU
		{6620D4EA-C878-4B85-82BB-752B45C2CD57}.Release|Any CPU.ActiveCfg = Release|Any CPU
		{6620D4EA-C878-4B85-82BB-752B45C2CD57}.Release|Any CPU.Build.0 = Release|Any CPU
		{5A5A409F-B741-4DD6-8C4C-4AE42950829D}.Debug|Any CPU.ActiveCfg = Debug|Any CPU
		{5A5A409F-B741-4DD6-8C4C-4AE42950829D}.Debug|Any CPU.Build.0 = Debug|Any CPU
		{5A5A409F-B741-4DD6-8C4C-4AE42950829D}.Release|Any CPU.ActiveCfg = Release|Any CPU
		{5A5A409F-B741-4DD6-8C4C-4AE42950829D}.Release|Any CPU.Build.0 = Release|Any CPU
		{48D7657A-353A-494C-A599-5E320DCC70D6}.Debug|Any CPU.ActiveCfg = Debug|Any CPU
		{48D7657A-353A-494C-A599-5E320DCC70D6}.Debug|Any CPU.Build.0 = Debug|Any CPU
		{48D7657A-353A-494C-A599-5E320DCC70D6}.Release|Any CPU.ActiveCfg = Release|Any CPU
		{48D7657A-353A-494C-A599-5E320DCC70D6}.Release|Any CPU.Build.0 = Release|Any CPU
		{3FB9C56F-1B17-4E6B-B026-3814143A74E4}.Debug|Any CPU.ActiveCfg = Debug|Any CPU
		{3FB9C56F-1B17-4E6B-B026-3814143A74E4}.Debug|Any CPU.Build.0 = Debug|Any CPU
		{3FB9C56F-1B17-4E6B-B026-3814143A74E4}.Release|Any CPU.ActiveCfg = Release|Any CPU
		{3FB9C56F-1B17-4E6B-B026-3814143A74E4}.Release|Any CPU.Build.0 = Release|Any CPU
		{2B8DD397-6EB5-400F-8D8A-B7B63987F407}.Debug|Any CPU.ActiveCfg = Debug|Any CPU
		{2B8DD397-6EB5-400F-8D8A-B7B63987F407}.Debug|Any CPU.Build.0 = Debug|Any CPU
		{2B8DD397-6EB5-400F-8D8A-B7B63987F407}.Release|Any CPU.ActiveCfg = Release|Any CPU
		{2B8DD397-6EB5-400F-8D8A-B7B63987F407}.Release|Any CPU.Build.0 = Release|Any CPU
		{B82DFC84-D347-4BCD-922B-4131DE8813A2}.Debug|Any CPU.ActiveCfg = Debug|Any CPU
		{B82DFC84-D347-4BCD-922B-4131DE8813A2}.Debug|Any CPU.Build.0 = Debug|Any CPU
		{B82DFC84-D347-4BCD-922B-4131DE8813A2}.Release|Any CPU.ActiveCfg = Release|Any CPU
		{B82DFC84-D347-4BCD-922B-4131DE8813A2}.Release|Any CPU.Build.0 = Release|Any CPU
		{5F566D8B-9A32-4A62-8EA1-9D6F671FEB7A}.Debug|Any CPU.ActiveCfg = Debug|Any CPU
		{5F566D8B-9A32-4A62-8EA1-9D6F671FEB7A}.Debug|Any CPU.Build.0 = Debug|Any CPU
		{5F566D8B-9A32-4A62-8EA1-9D6F671FEB7A}.Release|Any CPU.ActiveCfg = Release|Any CPU
		{5F566D8B-9A32-4A62-8EA1-9D6F671FEB7A}.Release|Any CPU.Build.0 = Release|Any CPU
		{8C860F42-D8A3-4AA5-BFC4-51EE0D891CA0}.Debug|Any CPU.ActiveCfg = Debug|Any CPU
		{8C860F42-D8A3-4AA5-BFC4-51EE0D891CA0}.Debug|Any CPU.Build.0 = Debug|Any CPU
		{8C860F42-D8A3-4AA5-BFC4-51EE0D891CA0}.Release|Any CPU.ActiveCfg = Release|Any CPU
		{8C860F42-D8A3-4AA5-BFC4-51EE0D891CA0}.Release|Any CPU.Build.0 = Release|Any CPU
		{BE4FDD14-F3AC-41DC-9362-9B957CF888A9}.Debug|Any CPU.ActiveCfg = Debug|Any CPU
		{BE4FDD14-F3AC-41DC-9362-9B957CF888A9}.Debug|Any CPU.Build.0 = Debug|Any CPU
		{BE4FDD14-F3AC-41DC-9362-9B957CF888A9}.Release|Any CPU.ActiveCfg = Release|Any CPU
		{BE4FDD14-F3AC-41DC-9362-9B957CF888A9}.Release|Any CPU.Build.0 = Release|Any CPU
		{5C739B0F-D252-4957-B01B-A309D93551B5}.Debug|Any CPU.ActiveCfg = Debug|Any CPU
		{5C739B0F-D252-4957-B01B-A309D93551B5}.Debug|Any CPU.Build.0 = Debug|Any CPU
		{5C739B0F-D252-4957-B01B-A309D93551B5}.Release|Any CPU.ActiveCfg = Release|Any CPU
		{5C739B0F-D252-4957-B01B-A309D93551B5}.Release|Any CPU.Build.0 = Release|Any CPU
	EndGlobalSection
	GlobalSection(SolutionProperties) = preSolution
		HideSolutionNode = FALSE
	EndGlobalSection
	GlobalSection(ExtensibilityGlobals) = postSolution
		SolutionGuid = {C9E41A86-FB68-45B7-A4A9-B7ACF5FE2859}
	EndGlobalSection
EndGlobal
