
Microsoft Visual Studio Solution File, Format Version 12.00
# Visual Studio Version 17
VisualStudioVersion = 17.4.33110.190
MinimumVisualStudioVersion = 10.0.40219.1
Project("{FAE04EC0-301F-11D3-BF4B-00C04F79EFBC}") = "03.TravelAgency", "..\03.TravelAgency\03.TravelAgency.csproj", "{7A94C0D4-70D8-417C-8DA0-7F5448479E30}"
EndProject
Project("{FAE04EC0-301F-11D3-BF4B-00C04F79EFBC}") = "01.Pool", "..\01.Pool\01.Pool.csproj", "{59718E17-9E94-4031-9EB8-4D918BA91CCB}"
EndProject
Project("{FAE04EC0-301F-11D3-BF4B-00C04F79EFBC}") = "FamilyTrip", "..\FamilyTrip\FamilyTrip.csproj", "{C32EAC4B-93E6-454E-967F-BB80370873D7}"
EndProject
Project("{FAE04EC0-301F-11D3-BF4B-00C04F79EFBC}") = "05.FitnessCenter", "..\05.FitnessCenter\05.FitnessCenter.csproj", "{D998765C-CA42-425E-A799-43BD8EAEA42E}"
EndProject
Project("{FAE04EC0-301F-11D3-BF4B-00C04F79EFBC}") = "04.Club", "..\04.Club\04.Club.csproj", "{153F710D-C5FF-4142-99BA-0C46A0BED165}"
EndProject
Project("{FAE04EC0-301F-11D3-BF4B-00C04F79EFBC}") = "EasterCompetition", "..\EasterCompetition\EasterCompetition.csproj", "{5D377C64-6D61-4C45-A705-C35E27D0AA24}"
EndProject
Project("{FAE04EC0-301F-11D3-BF4B-00C04F79EFBC}") = "Testt", "..\Testt\Testt.csproj", "{B4220FC5-7BA5-452A-82BB-46B75F7783F2}"
EndProject
Global
	GlobalSection(SolutionConfigurationPlatforms) = preSolution
		Debug|Any CPU = Debug|Any CPU
		Release|Any CPU = Release|Any CPU
	EndGlobalSection
	GlobalSection(ProjectConfigurationPlatforms) = postSolution
		{7A94C0D4-70D8-417C-8DA0-7F5448479E30}.Debug|Any CPU.ActiveCfg = Debug|Any CPU
		{7A94C0D4-70D8-417C-8DA0-7F5448479E30}.Debug|Any CPU.Build.0 = Debug|Any CPU
		{7A94C0D4-70D8-417C-8DA0-7F5448479E30}.Release|Any CPU.ActiveCfg = Release|Any CPU
		{7A94C0D4-70D8-417C-8DA0-7F5448479E30}.Release|Any CPU.Build.0 = Release|Any CPU
		{59718E17-9E94-4031-9EB8-4D918BA91CCB}.Debug|Any CPU.ActiveCfg = Debug|Any CPU
		{59718E17-9E94-4031-9EB8-4D918BA91CCB}.Debug|Any CPU.Build.0 = Debug|Any CPU
		{59718E17-9E94-4031-9EB8-4D918BA91CCB}.Release|Any CPU.ActiveCfg = Release|Any CPU
		{59718E17-9E94-4031-9EB8-4D918BA91CCB}.Release|Any CPU.Build.0 = Release|Any CPU
		{C32EAC4B-93E6-454E-967F-BB80370873D7}.Debug|Any CPU.ActiveCfg = Debug|Any CPU
		{C32EAC4B-93E6-454E-967F-BB80370873D7}.Debug|Any CPU.Build.0 = Debug|Any CPU
		{C32EAC4B-93E6-454E-967F-BB80370873D7}.Release|Any CPU.ActiveCfg = Release|Any CPU
		{C32EAC4B-93E6-454E-967F-BB80370873D7}.Release|Any CPU.Build.0 = Release|Any CPU
		{D998765C-CA42-425E-A799-43BD8EAEA42E}.Debug|Any CPU.ActiveCfg = Debug|Any CPU
		{D998765C-CA42-425E-A799-43BD8EAEA42E}.Debug|Any CPU.Build.0 = Debug|Any CPU
		{D998765C-CA42-425E-A799-43BD8EAEA42E}.Release|Any CPU.ActiveCfg = Release|Any CPU
		{D998765C-CA42-425E-A799-43BD8EAEA42E}.Release|Any CPU.Build.0 = Release|Any CPU
		{153F710D-C5FF-4142-99BA-0C46A0BED165}.Debug|Any CPU.ActiveCfg = Debug|Any CPU
		{153F710D-C5FF-4142-99BA-0C46A0BED165}.Debug|Any CPU.Build.0 = Debug|Any CPU
		{153F710D-C5FF-4142-99BA-0C46A0BED165}.Release|Any CPU.ActiveCfg = Release|Any CPU
		{153F710D-C5FF-4142-99BA-0C46A0BED165}.Release|Any CPU.Build.0 = Release|Any CPU
		{5D377C64-6D61-4C45-A705-C35E27D0AA24}.Debug|Any CPU.ActiveCfg = Debug|Any CPU
		{5D377C64-6D61-4C45-A705-C35E27D0AA24}.Debug|Any CPU.Build.0 = Debug|Any CPU
		{5D377C64-6D61-4C45-A705-C35E27D0AA24}.Release|Any CPU.ActiveCfg = Release|Any CPU
		{5D377C64-6D61-4C45-A705-C35E27D0AA24}.Release|Any CPU.Build.0 = Release|Any CPU
		{B4220FC5-7BA5-452A-82BB-46B75F7783F2}.Debug|Any CPU.ActiveCfg = Debug|Any CPU
		{B4220FC5-7BA5-452A-82BB-46B75F7783F2}.Debug|Any CPU.Build.0 = Debug|Any CPU
		{B4220FC5-7BA5-452A-82BB-46B75F7783F2}.Release|Any CPU.ActiveCfg = Release|Any CPU
		{B4220FC5-7BA5-452A-82BB-46B75F7783F2}.Release|Any CPU.Build.0 = Release|Any CPU
	EndGlobalSection
	GlobalSection(SolutionProperties) = preSolution
		HideSolutionNode = FALSE
	EndGlobalSection
	GlobalSection(ExtensibilityGlobals) = postSolution
		SolutionGuid = {85E49162-E9B2-4297-BD9A-9AE572CCA6AC}
	EndGlobalSection
EndGlobal
